version = 1
revision = 3
requires-python = ">=3.13"

[[package]]
name = "beautifulsoup4"
version = "4.13.4"
source = { registry = "https://pypi.org/simple" }
dependencies = [
    { name = "soupsieve" },
    { name = "typing-extensions" },
]
sdist = { url = "https://files.pythonhosted.org/packages/d8/e4/0c4c39e18fd76d6a628d4dd8da40543d136ce2d1752bd6eeeab0791f4d6b/beautifulsoup4-4.13.4.tar.gz", hash = "sha256:dbb3c4e1ceae6aefebdaf2423247260cd062430a410e38c66f2baa50a8437195", size = 621067, upload-time = "2025-04-15T17:05:13.836Z" }
wheels = [
    { url = "https://files.pythonhosted.org/packages/50/cd/30110dc0ffcf3b131156077b90e9f60ed75711223f306da4db08eff8403b/beautifulsoup4-4.13.4-py3-none-any.whl", hash = "sha256:9bbbb14bfde9d79f38b8cd5f8c7c85f4b8f2523190ebed90e950a8dea4cb1c4b", size = 187285, upload-time = "2025-04-15T17:05:12.221Z" },
]

[[package]]
name = "codegen"
version = "1.0.0"
source = { virtual = "." }
dependencies = [
    { name = "beautifulsoup4" },
    { name = "jinja2" },
    { name = "pyyaml" },
]

[package.optional-dependencies]
dev = [
    { name = "ruff" },
    { name = "ty" },
    { name = "types-beautifulsoup4" },
    { name = "types-pyyaml" },
]

[package.metadata]
requires-dist = [
    { name = "beautifulsoup4", specifier = ">=4.13.4" },
    { name = "jinja2", specifier = ">=3.1.6" },
    { name = "pyyaml", specifier = ">=6.0.2" },
    { name = "ruff", marker = "extra == 'dev'", specifier = ">=0.12.3" },
    { name = "ty", marker = "extra == 'dev'", specifier = ">=0.0.1a14" },
    { name = "types-beautifulsoup4", marker = "extra == 'dev'", specifier = ">=4.12.0.20250516" },
    { name = "types-pyyaml", marker = "extra == 'dev'", specifier = ">=6.0.12.20250516" },
]
provides-extras = ["dev"]

[[package]]
name = "jinja2"
version = "3.1.6"
source = { registry = "https://pypi.org/simple" }
dependencies = [
    { name = "markupsafe" },
]
sdist = { url = "https://files.pythonhosted.org/packages/df/bf/f7da0350254c0ed7c72f3e33cef02e048281fec7ecec5f032d4aac52226b/jinja2-3.1.6.tar.gz", hash = "sha256:0137fb05990d35f1275a587e9aee6d56da821fc83491a0fb838183be43f66d6d", size = 245115, upload-time = "2025-03-05T20:05:02.478Z" }
wheels = [
    { url = "https://files.pythonhosted.org/packages/62/a1/3d680cbfd5f4b8f15abc1d571870c5fc3e594bb582bc3b64ea099db13e56/jinja2-3.1.6-py3-none-any.whl", hash = "sha256:85ece4451f492d0c13c5dd7c13a64681a86afae63a5f347908daf103ce6d2f67", size = 134899, upload-time = "2025-03-05T20:05:00.369Z" },
]

[[package]]
name = "markupsafe"
version = "3.0.2"
source = { registry = "https://pypi.org/simple" }
sdist = { url = "https://files.pythonhosted.org/packages/b2/97/5d42485e71dfc078108a86d6de8fa46db44a1a9295e89c5d6d4a06e23a62/markupsafe-3.0.2.tar.gz", hash = "sha256:ee55d3edf80167e48ea11a923c7386f4669df67d7994554387f84e7d8b0a2bf0", size = 20537, upload-time = "2024-10-18T15:21:54.129Z" }
wheels = [
    { url = "https://files.pythonhosted.org/packages/83/0e/67eb10a7ecc77a0c2bbe2b0235765b98d164d81600746914bebada795e97/MarkupSafe-3.0.2-cp313-cp313-macosx_10_13_universal2.whl", hash = "sha256:ba9527cdd4c926ed0760bc301f6728ef34d841f405abf9d4f959c478421e4efd", size = 14274, upload-time = "2024-10-18T15:21:24.577Z" },
    { url = "https://files.pythonhosted.org/packages/2b/6d/9409f3684d3335375d04e5f05744dfe7e9f120062c9857df4ab490a1031a/MarkupSafe-3.0.2-cp313-cp313-macosx_11_0_arm64.whl", hash = "sha256:f8b3d067f2e40fe93e1ccdd6b2e1d16c43140e76f02fb1319a05cf2b79d99430", size = 12352, upload-time = "2024-10-18T15:21:25.382Z" },
    { url = "https://files.pythonhosted.org/packages/d2/f5/6eadfcd3885ea85fe2a7c128315cc1bb7241e1987443d78c8fe712d03091/MarkupSafe-3.0.2-cp313-cp313-manylinux_2_17_aarch64.manylinux2014_aarch64.whl", hash = "sha256:569511d3b58c8791ab4c2e1285575265991e6d8f8700c7be0e88f86cb0672094", size = 24122, upload-time = "2024-10-18T15:21:26.199Z" },
    { url = "https://files.pythonhosted.org/packages/0c/91/96cf928db8236f1bfab6ce15ad070dfdd02ed88261c2afafd4b43575e9e9/MarkupSafe-3.0.2-cp313-cp313-manylinux_2_17_x86_64.manylinux2014_x86_64.whl", hash = "sha256:15ab75ef81add55874e7ab7055e9c397312385bd9ced94920f2802310c930396", size = 23085, upload-time = "2024-10-18T15:21:27.029Z" },
    { url = "https://files.pythonhosted.org/packages/c2/cf/c9d56af24d56ea04daae7ac0940232d31d5a8354f2b457c6d856b2057d69/MarkupSafe-3.0.2-cp313-cp313-manylinux_2_5_i686.manylinux1_i686.manylinux_2_17_i686.manylinux2014_i686.whl", hash = "sha256:f3818cb119498c0678015754eba762e0d61e5b52d34c8b13d770f0719f7b1d79", size = 22978, upload-time = "2024-10-18T15:21:27.846Z" },
    { url = "https://files.pythonhosted.org/packages/2a/9f/8619835cd6a711d6272d62abb78c033bda638fdc54c4e7f4272cf1c0962b/MarkupSafe-3.0.2-cp313-cp313-musllinux_1_2_aarch64.whl", hash = "sha256:cdb82a876c47801bb54a690c5ae105a46b392ac6099881cdfb9f6e95e4014c6a", size = 24208, upload-time = "2024-10-18T15:21:28.744Z" },
    { url = "https://files.pythonhosted.org/packages/f9/bf/176950a1792b2cd2102b8ffeb5133e1ed984547b75db47c25a67d3359f77/MarkupSafe-3.0.2-cp313-cp313-musllinux_1_2_i686.whl", hash = "sha256:cabc348d87e913db6ab4aa100f01b08f481097838bdddf7c7a84b7575b7309ca", size = 23357, upload-time = "2024-10-18T15:21:29.545Z" },
    { url = "https://files.pythonhosted.org/packages/ce/4f/9a02c1d335caabe5c4efb90e1b6e8ee944aa245c1aaaab8e8a618987d816/MarkupSafe-3.0.2-cp313-cp313-musllinux_1_2_x86_64.whl", hash = "sha256:444dcda765c8a838eaae23112db52f1efaf750daddb2d9ca300bcae1039adc5c", size = 23344, upload-time = "2024-10-18T15:21:30.366Z" },
    { url = "https://files.pythonhosted.org/packages/ee/55/c271b57db36f748f0e04a759ace9f8f759ccf22b4960c270c78a394f58be/MarkupSafe-3.0.2-cp313-cp313-win32.whl", hash = "sha256:bcf3e58998965654fdaff38e58584d8937aa3096ab5354d493c77d1fdd66d7a1", size = 15101, upload-time = "2024-10-18T15:21:31.207Z" },
    { url = "https://files.pythonhosted.org/packages/29/88/07df22d2dd4df40aba9f3e402e6dc1b8ee86297dddbad4872bd5e7b0094f/MarkupSafe-3.0.2-cp313-cp313-win_amd64.whl", hash = "sha256:e6a2a455bd412959b57a172ce6328d2dd1f01cb2135efda2e4576e8a23fa3b0f", size = 15603, upload-time = "2024-10-18T15:21:32.032Z" },
    { url = "https://files.pythonhosted.org/packages/62/6a/8b89d24db2d32d433dffcd6a8779159da109842434f1dd2f6e71f32f738c/MarkupSafe-3.0.2-cp313-cp313t-macosx_10_13_universal2.whl", hash = "sha256:b5a6b3ada725cea8a5e634536b1b01c30bcdcd7f9c6fff4151548d5bf6b3a36c", size = 14510, upload-time = "2024-10-18T15:21:33.625Z" },
    { url = "https://files.pythonhosted.org/packages/7a/06/a10f955f70a2e5a9bf78d11a161029d278eeacbd35ef806c3fd17b13060d/MarkupSafe-3.0.2-cp313-cp313t-macosx_11_0_arm64.whl", hash = "sha256:a904af0a6162c73e3edcb969eeeb53a63ceeb5d8cf642fade7d39e7963a22ddb", size = 12486, upload-time = "2024-10-18T15:21:34.611Z" },
    { url = "https://files.pythonhosted.org/packages/34/cf/65d4a571869a1a9078198ca28f39fba5fbb910f952f9dbc5220afff9f5e6/MarkupSafe-3.0.2-cp313-cp313t-manylinux_2_17_aarch64.manylinux2014_aarch64.whl", hash = "sha256:4aa4e5faecf353ed117801a068ebab7b7e09ffb6e1d5e412dc852e0da018126c", size = 25480, upload-time = "2024-10-18T15:21:35.398Z" },
    { url = "https://files.pythonhosted.org/packages/0c/e3/90e9651924c430b885468b56b3d597cabf6d72be4b24a0acd1fa0e12af67/MarkupSafe-3.0.2-cp313-cp313t-manylinux_2_17_x86_64.manylinux2014_x86_64.whl", hash = "sha256:c0ef13eaeee5b615fb07c9a7dadb38eac06a0608b41570d8ade51c56539e509d", size = 23914, upload-time = "2024-10-18T15:21:36.231Z" },
    { url = "https://files.pythonhosted.org/packages/66/8c/6c7cf61f95d63bb866db39085150df1f2a5bd3335298f14a66b48e92659c/MarkupSafe-3.0.2-cp313-cp313t-manylinux_2_5_i686.manylinux1_i686.manylinux_2_17_i686.manylinux2014_i686.whl", hash = "sha256:d16a81a06776313e817c951135cf7340a3e91e8c1ff2fac444cfd75fffa04afe", size = 23796, upload-time = "2024-10-18T15:21:37.073Z" },
    { url = "https://files.pythonhosted.org/packages/bb/35/cbe9238ec3f47ac9a7c8b3df7a808e7cb50fe149dc7039f5f454b3fba218/MarkupSafe-3.0.2-cp313-cp313t-musllinux_1_2_aarch64.whl", hash = "sha256:6381026f158fdb7c72a168278597a5e3a5222e83ea18f543112b2662a9b699c5", size = 25473, upload-time = "2024-10-18T15:21:37.932Z" },
    { url = "https://files.pythonhosted.org/packages/e6/32/7621a4382488aa283cc05e8984a9c219abad3bca087be9ec77e89939ded9/MarkupSafe-3.0.2-cp313-cp313t-musllinux_1_2_i686.whl", hash = "sha256:3d79d162e7be8f996986c064d1c7c817f6df3a77fe3d6859f6f9e7be4b8c213a", size = 24114, upload-time = "2024-10-18T15:21:39.799Z" },
    { url = "https://files.pythonhosted.org/packages/0d/80/0985960e4b89922cb5a0bac0ed39c5b96cbc1a536a99f30e8c220a996ed9/MarkupSafe-3.0.2-cp313-cp313t-musllinux_1_2_x86_64.whl", hash = "sha256:131a3c7689c85f5ad20f9f6fb1b866f402c445b220c19fe4308c0b147ccd2ad9", size = 24098, upload-time = "2024-10-18T15:21:40.813Z" },
    { url = "https://files.pythonhosted.org/packages/82/78/fedb03c7d5380df2427038ec8d973587e90561b2d90cd472ce9254cf348b/MarkupSafe-3.0.2-cp313-cp313t-win32.whl", hash = "sha256:ba8062ed2cf21c07a9e295d5b8a2a5ce678b913b45fdf68c32d95d6c1291e0b6", size = 15208, upload-time = "2024-10-18T15:21:41.814Z" },
    { url = "https://files.pythonhosted.org/packages/4f/65/6079a46068dfceaeabb5dcad6d674f5f5c61a6fa5673746f42a9f4c233b3/MarkupSafe-3.0.2-cp313-cp313t-win_amd64.whl", hash = "sha256:e444a31f8db13eb18ada366ab3cf45fd4b31e4db1236a4448f68778c1d1a5a2f", size = 15739, upload-time = "2024-10-18T15:21:42.784Z" },
]

[[package]]
name = "pyyaml"
version = "6.0.2"
source = { registry = "https://pypi.org/simple" }
sdist = { url = "https://files.pythonhosted.org/packages/54/ed/79a089b6be93607fa5cdaedf301d7dfb23af5f25c398d5ead2525b063e17/pyyaml-6.0.2.tar.gz", hash = "sha256:d584d9ec91ad65861cc08d42e834324ef890a082e591037abe114850ff7bbc3e", size = 130631, upload-time = "2024-08-06T20:33:50.674Z" }
wheels = [
    { url = "https://files.pythonhosted.org/packages/ef/e3/3af305b830494fa85d95f6d95ef7fa73f2ee1cc8ef5b495c7c3269fb835f/PyYAML-6.0.2-cp313-cp313-macosx_10_13_x86_64.whl", hash = "sha256:efdca5630322a10774e8e98e1af481aad470dd62c3170801852d752aa7a783ba", size = 181309, upload-time = "2024-08-06T20:32:43.4Z" },
    { url = "https://files.pythonhosted.org/packages/45/9f/3b1c20a0b7a3200524eb0076cc027a970d320bd3a6592873c85c92a08731/PyYAML-6.0.2-cp313-cp313-macosx_11_0_arm64.whl", hash = "sha256:50187695423ffe49e2deacb8cd10510bc361faac997de9efef88badc3bb9e2d1", size = 171679, upload-time = "2024-08-06T20:32:44.801Z" },
    { url = "https://files.pythonhosted.org/packages/7c/9a/337322f27005c33bcb656c655fa78325b730324c78620e8328ae28b64d0c/PyYAML-6.0.2-cp313-cp313-manylinux_2_17_aarch64.manylinux2014_aarch64.whl", hash = "sha256:0ffe8360bab4910ef1b9e87fb812d8bc0a308b0d0eef8c8f44e0254ab3b07133", size = 733428, upload-time = "2024-08-06T20:32:46.432Z" },
    { url = "https://files.pythonhosted.org/packages/a3/69/864fbe19e6c18ea3cc196cbe5d392175b4cf3d5d0ac1403ec3f2d237ebb5/PyYAML-6.0.2-cp313-cp313-manylinux_2_17_s390x.manylinux2014_s390x.whl", hash = "sha256:17e311b6c678207928d649faa7cb0d7b4c26a0ba73d41e99c4fff6b6c3276484", size = 763361, upload-time = "2024-08-06T20:32:51.188Z" },
    { url = "https://files.pythonhosted.org/packages/04/24/b7721e4845c2f162d26f50521b825fb061bc0a5afcf9a386840f23ea19fa/PyYAML-6.0.2-cp313-cp313-manylinux_2_17_x86_64.manylinux2014_x86_64.whl", hash = "sha256:70b189594dbe54f75ab3a1acec5f1e3faa7e8cf2f1e08d9b561cb41b845f69d5", size = 759523, upload-time = "2024-08-06T20:32:53.019Z" },
    { url = "https://files.pythonhosted.org/packages/2b/b2/e3234f59ba06559c6ff63c4e10baea10e5e7df868092bf9ab40e5b9c56b6/PyYAML-6.0.2-cp313-cp313-musllinux_1_1_aarch64.whl", hash = "sha256:41e4e3953a79407c794916fa277a82531dd93aad34e29c2a514c2c0c5fe971cc", size = 726660, upload-time = "2024-08-06T20:32:54.708Z" },
    { url = "https://files.pythonhosted.org/packages/fe/0f/25911a9f080464c59fab9027482f822b86bf0608957a5fcc6eaac85aa515/PyYAML-6.0.2-cp313-cp313-musllinux_1_1_x86_64.whl", hash = "sha256:68ccc6023a3400877818152ad9a1033e3db8625d899c72eacb5a668902e4d652", size = 751597, upload-time = "2024-08-06T20:32:56.985Z" },
    { url = "https://files.pythonhosted.org/packages/14/0d/e2c3b43bbce3cf6bd97c840b46088a3031085179e596d4929729d8d68270/PyYAML-6.0.2-cp313-cp313-win32.whl", hash = "sha256:bc2fa7c6b47d6bc618dd7fb02ef6fdedb1090ec036abab80d4681424b84c1183", size = 140527, upload-time = "2024-08-06T20:33:03.001Z" },
    { url = "https://files.pythonhosted.org/packages/fa/de/02b54f42487e3d3c6efb3f89428677074ca7bf43aae402517bc7cca949f3/PyYAML-6.0.2-cp313-cp313-win_amd64.whl", hash = "sha256:8388ee1976c416731879ac16da0aff3f63b286ffdd57cdeb95f3f2e085687563", size = 156446, upload-time = "2024-08-06T20:33:04.33Z" },
]

[[package]]
name = "ruff"
version = "0.12.9"
source = { registry = "https://pypi.org/simple" }
sdist = { url = "https://files.pythonhosted.org/packages/4a/45/2e403fa7007816b5fbb324cb4f8ed3c7402a927a0a0cb2b6279879a8bfdc/ruff-0.12.9.tar.gz", hash = "sha256:fbd94b2e3c623f659962934e52c2bea6fc6da11f667a427a368adaf3af2c866a", size = 5254702, upload-time = "2025-08-14T16:08:55.2Z" }
wheels = [
    { url = "https://files.pythonhosted.org/packages/ad/20/53bf098537adb7b6a97d98fcdebf6e916fcd11b2e21d15f8c171507909cc/ruff-0.12.9-py3-none-linux_armv6l.whl", hash = "sha256:fcebc6c79fcae3f220d05585229463621f5dbf24d79fdc4936d9302e177cfa3e", size = 11759705, upload-time = "2025-08-14T16:08:12.968Z" },
    { url = "https://files.pythonhosted.org/packages/20/4d/c764ee423002aac1ec66b9d541285dd29d2c0640a8086c87de59ebbe80d5/ruff-0.12.9-py3-none-macosx_10_12_x86_64.whl", hash = "sha256:aed9d15f8c5755c0e74467731a007fcad41f19bcce41cd75f768bbd687f8535f", size = 12527042, upload-time = "2025-08-14T16:08:16.54Z" },
    { url = "https://files.pythonhosted.org/packages/8b/45/cfcdf6d3eb5fc78a5b419e7e616d6ccba0013dc5b180522920af2897e1be/ruff-0.12.9-py3-none-macosx_11_0_arm64.whl", hash = "sha256:5b15ea354c6ff0d7423814ba6d44be2807644d0c05e9ed60caca87e963e93f70", size = 11724457, upload-time = "2025-08-14T16:08:18.686Z" },
    { url = "https://files.pythonhosted.org/packages/72/e6/44615c754b55662200c48bebb02196dbb14111b6e266ab071b7e7297b4ec/ruff-0.12.9-py3-none-manylinux_2_17_aarch64.manylinux2014_aarch64.whl", hash = "sha256:d596c2d0393c2502eaabfef723bd74ca35348a8dac4267d18a94910087807c53", size = 11949446, upload-time = "2025-08-14T16:08:21.059Z" },
    { url = "https://files.pythonhosted.org/packages/fd/d1/9b7d46625d617c7df520d40d5ac6cdcdf20cbccb88fad4b5ecd476a6bb8d/ruff-0.12.9-py3-none-manylinux_2_17_armv7l.manylinux2014_armv7l.whl", hash = "sha256:1b15599931a1a7a03c388b9c5df1bfa62be7ede6eb7ef753b272381f39c3d0ff", size = 11566350, upload-time = "2025-08-14T16:08:23.433Z" },
    { url = "https://files.pythonhosted.org/packages/59/20/b73132f66f2856bc29d2d263c6ca457f8476b0bbbe064dac3ac3337a270f/ruff-0.12.9-py3-none-manylinux_2_17_i686.manylinux2014_i686.whl", hash = "sha256:3d02faa2977fb6f3f32ddb7828e212b7dd499c59eb896ae6c03ea5c303575756", size = 13270430, upload-time = "2025-08-14T16:08:25.837Z" },
    { url = "https://files.pythonhosted.org/packages/a2/21/eaf3806f0a3d4c6be0a69d435646fba775b65f3f2097d54898b0fd4bb12e/ruff-0.12.9-py3-none-manylinux_2_17_ppc64.manylinux2014_ppc64.whl", hash = "sha256:17d5b6b0b3a25259b69ebcba87908496e6830e03acfb929ef9fd4c58675fa2ea", size = 14264717, upload-time = "2025-08-14T16:08:27.907Z" },
    { url = "https://files.pythonhosted.org/packages/d2/82/1d0c53bd37dcb582b2c521d352fbf4876b1e28bc0d8894344198f6c9950d/ruff-0.12.9-py3-none-manylinux_2_17_ppc64le.manylinux2014_ppc64le.whl", hash = "sha256:72db7521860e246adbb43f6ef464dd2a532ef2ef1f5dd0d470455b8d9f1773e0", size = 13684331, upload-time = "2025-08-14T16:08:30.352Z" },
    { url = "https://files.pythonhosted.org/packages/3b/2f/1c5cf6d8f656306d42a686f1e207f71d7cebdcbe7b2aa18e4e8a0cb74da3/ruff-0.12.9-py3-none-manylinux_2_17_s390x.manylinux2014_s390x.whl", hash = "sha256:a03242c1522b4e0885af63320ad754d53983c9599157ee33e77d748363c561ce", size = 12739151, upload-time = "2025-08-14T16:08:32.55Z" },
    { url = "https://files.pythonhosted.org/packages/47/09/25033198bff89b24d734e6479e39b1968e4c992e82262d61cdccaf11afb9/ruff-0.12.9-py3-none-manylinux_2_17_x86_64.manylinux2014_x86_64.whl", hash = "sha256:9fc83e4e9751e6c13b5046d7162f205d0a7bac5840183c5beebf824b08a27340", size = 12954992, upload-time = "2025-08-14T16:08:34.816Z" },
    { url = "https://files.pythonhosted.org/packages/52/8e/d0dbf2f9dca66c2d7131feefc386523404014968cd6d22f057763935ab32/ruff-0.12.9-py3-none-manylinux_2_31_riscv64.whl", hash = "sha256:881465ed56ba4dd26a691954650de6ad389a2d1fdb130fe51ff18a25639fe4bb", size = 12899569, upload-time = "2025-08-14T16:08:36.852Z" },
    { url = "https://files.pythonhosted.org/packages/a0/bd/b614d7c08515b1428ed4d3f1d4e3d687deffb2479703b90237682586fa66/ruff-0.12.9-py3-none-musllinux_1_2_aarch64.whl", hash = "sha256:43f07a3ccfc62cdb4d3a3348bf0588358a66da756aa113e071b8ca8c3b9826af", size = 11751983, upload-time = "2025-08-14T16:08:39.314Z" },
    { url = "https://files.pythonhosted.org/packages/58/d6/383e9f818a2441b1a0ed898d7875f11273f10882f997388b2b51cb2ae8b5/ruff-0.12.9-py3-none-musllinux_1_2_armv7l.whl", hash = "sha256:07adb221c54b6bba24387911e5734357f042e5669fa5718920ee728aba3cbadc", size = 11538635, upload-time = "2025-08-14T16:08:41.297Z" },
    { url = "https://files.pythonhosted.org/packages/20/9c/56f869d314edaa9fc1f491706d1d8a47747b9d714130368fbd69ce9024e9/ruff-0.12.9-py3-none-musllinux_1_2_i686.whl", hash = "sha256:f5cd34fabfdea3933ab85d72359f118035882a01bff15bd1d2b15261d85d5f66", size = 12534346, upload-time = "2025-08-14T16:08:43.39Z" },
    { url = "https://files.pythonhosted.org/packages/bd/4b/d8b95c6795a6c93b439bc913ee7a94fda42bb30a79285d47b80074003ee7/ruff-0.12.9-py3-none-musllinux_1_2_x86_64.whl", hash = "sha256:f6be1d2ca0686c54564da8e7ee9e25f93bdd6868263805f8c0b8fc6a449db6d7", size = 13017021, upload-time = "2025-08-14T16:08:45.889Z" },
    { url = "https://files.pythonhosted.org/packages/c7/c1/5f9a839a697ce1acd7af44836f7c2181cdae5accd17a5cb85fcbd694075e/ruff-0.12.9-py3-none-win32.whl", hash = "sha256:cc7a37bd2509974379d0115cc5608a1a4a6c4bff1b452ea69db83c8855d53f93", size = 11734785, upload-time = "2025-08-14T16:08:48.062Z" },
    { url = "https://files.pythonhosted.org/packages/fa/66/cdddc2d1d9a9f677520b7cfc490d234336f523d4b429c1298de359a3be08/ruff-0.12.9-py3-none-win_amd64.whl", hash = "sha256:6fb15b1977309741d7d098c8a3cb7a30bc112760a00fb6efb7abc85f00ba5908", size = 12840654, upload-time = "2025-08-14T16:08:50.158Z" },
    { url = "https://files.pythonhosted.org/packages/ac/fd/669816bc6b5b93b9586f3c1d87cd6bc05028470b3ecfebb5938252c47a35/ruff-0.12.9-py3-none-win_arm64.whl", hash = "sha256:63c8c819739d86b96d500cce885956a1a48ab056bbcbc61b747ad494b2485089", size = 11949623, upload-time = "2025-08-14T16:08:52.233Z" },
]

[[package]]
name = "soupsieve"
version = "2.7"
source = { registry = "https://pypi.org/simple" }
sdist = { url = "https://files.pythonhosted.org/packages/3f/f4/4a80cd6ef364b2e8b65b15816a843c0980f7a5a2b4dc701fc574952aa19f/soupsieve-2.7.tar.gz", hash = "sha256:ad282f9b6926286d2ead4750552c8a6142bc4c783fd66b0293547c8fe6ae126a", size = 103418, upload-time = "2025-04-20T18:50:08.518Z" }
wheels = [
    { url = "https://files.pythonhosted.org/packages/e7/9c/0e6afc12c269578be5c0c1c9f4b49a8d32770a080260c333ac04cc1c832d/soupsieve-2.7-py3-none-any.whl", hash = "sha256:6e60cc5c1ffaf1cebcc12e8188320b72071e922c2e897f737cadce79ad5d30c4", size = 36677, upload-time = "2025-04-20T18:50:07.196Z" },
]

[[package]]
name = "ty"
version = "0.0.1a18"
source = { registry = "https://pypi.org/simple" }
sdist = { url = "https://files.pythonhosted.org/packages/84/17/6f74949ef1686a8933fab8d11b0e6c2925235b02d513bd0aea49ab717609/ty-0.0.1a18.tar.gz", hash = "sha256:f213e6d8ab3b6abaeb76aa66c6c5c9ad04d7d21a80b4111422286e4beff6d294", size = 4079761, upload-time = "2025-08-14T10:32:18.833Z" }
wheels = [
    { url = "https://files.pythonhosted.org/packages/71/6b/9b6480d9cff51a8d1346950194363ac269f883771e4f53bd3cb55bd79b93/ty-0.0.1a18-py3-none-linux_armv6l.whl", hash = "sha256:f1fe54d817294f18e29a164ad8c460c7cdf60251ef392733a8afcfb6db5e933b", size = 8107401, upload-time = "2025-08-14T10:31:44.691Z" },
    { url = "https://files.pythonhosted.org/packages/c5/1e/a02beb69386416da8b44b12b9cd32c55ac6f72361f70048d811c7efc2dff/ty-0.0.1a18-py3-none-macosx_10_12_x86_64.whl", hash = "sha256:fb40403157f2c7fd81d15c6745932daa486cd7954c2721e5dc22c0a5d0415add", size = 8304302, upload-time = "2025-08-14T10:31:46.819Z" },
    { url = "https://files.pythonhosted.org/packages/d0/00/421bad42f962dd29cf16c7d941a10a39dc1f9d7906e186a098c75cb0a6aa/ty-0.0.1a18-py3-none-macosx_11_0_arm64.whl", hash = "sha256:07f310f21416e50d726f68fb213266576fab18a977bd76bc57e852551427b5a1", size = 7883646, upload-time = "2025-08-14T10:31:49.449Z" },
    { url = "https://files.pythonhosted.org/packages/92/f1/e7069f8914e2b700709567f24e19221623e35e0c21fa474a5c568ce9485a/ty-0.0.1a18-py3-none-manylinux_2_17_aarch64.manylinux2014_aarch64.whl", hash = "sha256:fdbd9bbe7a44f467c0f21171aada32f7a05a5aecc4e20c9a53ae888916589014", size = 8020426, upload-time = "2025-08-14T10:31:51.259Z" },
    { url = "https://files.pythonhosted.org/packages/68/d5/81ef03cf47554f6b080ab1d549275b7411631a412feab34da20c21c0c17d/ty-0.0.1a18-py3-none-manylinux_2_17_armv7l.manylinux2014_armv7l.whl", hash = "sha256:5ab463dc1a51f294b01b8b6fe869893a441df05590ac1edd4c76f154d1fc0b5a", size = 7933541, upload-time = "2025-08-14T10:31:53.074Z" },
    { url = "https://files.pythonhosted.org/packages/e2/3e/c131f9774ed8d8e048786e8005d3f70ffe09b536fab33b60b98b67f17fe5/ty-0.0.1a18-py3-none-manylinux_2_17_i686.manylinux2014_i686.whl", hash = "sha256:4a6256b657ce45cd9b0173f1b8f858ff5ff1fef9314b1e167fcf53eb0c84d166", size = 8870017, upload-time = "2025-08-14T10:31:54.911Z" },
    { url = "https://files.pythonhosted.org/packages/3e/23/f75594959c952a63e94f6c97d830fb0975ff877def40b7016d448eaaf2a2/ty-0.0.1a18-py3-none-manylinux_2_17_ppc64.manylinux2014_ppc64.whl", hash = "sha256:0ed83cf7f4cc7ea9a40aed1cc0e19b6770b14d7b22fdbb9b65a68eb8ec11fe12", size = 9376017, upload-time = "2025-08-14T10:31:57.074Z" },
    { url = "https://files.pythonhosted.org/packages/ff/7c/3e843c781e2149731ce3b9a50a52ab98113041170901acb1f57bf78f142e/ty-0.0.1a18-py3-none-manylinux_2_17_ppc64le.manylinux2014_ppc64le.whl", hash = "sha256:d4b3b7462bee0bc78b73124a19e47ca507ef609425310c3fa34bdf3257671618", size = 8990092, upload-time = "2025-08-14T10:31:59.023Z" },
    { url = "https://files.pythonhosted.org/packages/80/ae/7ac61ab4211d11d9596a541ab964d602e14126f124ec0b2c3a1300344642/ty-0.0.1a18-py3-none-manylinux_2_17_s390x.manylinux2014_s390x.whl", hash = "sha256:9b0d83180dca1daf96fc46f2728cb5feadc867390b6d63e74aa9068eb3c85c13", size = 8776514, upload-time = "2025-08-14T10:32:01.171Z" },
    { url = "https://files.pythonhosted.org/packages/38/cd/16c04b8b93cb563990d27e65bf2def173909b7743b12df716974f492ba0b/ty-0.0.1a18-py3-none-manylinux_2_17_x86_64.manylinux2014_x86_64.whl", hash = "sha256:8b5b4f8cd8fe3d1fe4e4b338570b8aee48889f5294a01d25d1b7a232a75b9fae", size = 8585311, upload-time = "2025-08-14T10:32:03.296Z" },
    { url = "https://files.pythonhosted.org/packages/6e/8d/56a4c49b68c3d37c35c76af377b7e55a4ead95680deef4929b539a4dae5f/ty-0.0.1a18-py3-none-musllinux_1_2_aarch64.whl", hash = "sha256:b64181d14e3d6b179860471cbe9e95a35d6d17919e73db6bef34b130de8f7c38", size = 7900949, upload-time = "2025-08-14T10:32:05.323Z" },
    { url = "https://files.pythonhosted.org/packages/88/0a/a4de919c09b8c1d5421069631f8f2d59e4db61c7aeef43cb4f342cb93d2e/ty-0.0.1a18-py3-none-musllinux_1_2_armv7l.whl", hash = "sha256:53cb0a37b007ed48eb104ea7e776ba84080a3c85ad118eea84e3f8d10644f9f6", size = 7956204, upload-time = "2025-08-14T10:32:08.056Z" },
    { url = "https://files.pythonhosted.org/packages/0c/e5/cb6cf1f1b6524a1c07173a27d58a9075fbf5c776f072b72448880ea8e419/ty-0.0.1a18-py3-none-musllinux_1_2_i686.whl", hash = "sha256:205f55224d6441ba36082fb9c0690088feba2b0d02dc8ebc11006afddd73a2fb", size = 8452269, upload-time = "2025-08-14T10:32:09.574Z" },
    { url = "https://files.pythonhosted.org/packages/9f/75/7152152a249613ccda535152d683a46a4e781737663a76154082a9eef2dd/ty-0.0.1a18-py3-none-musllinux_1_2_x86_64.whl", hash = "sha256:121032a844008e7f0e29590eadaa12ea4df2aa9c27c37f06943181c81025c920", size = 8650870, upload-time = "2025-08-14T10:32:11.37Z" },
    { url = "https://files.pythonhosted.org/packages/36/c0/f181a6cd2a6d6208f342950e241950e23dfa6218195469a304dae4fdf7fb/ty-0.0.1a18-py3-none-win32.whl", hash = "sha256:4ff87364366ce98d70eca7993a604e60f762b27156fc63a597aeb4f05e56be1c", size = 7789583, upload-time = "2025-08-14T10:32:13.115Z" },
    { url = "https://files.pythonhosted.org/packages/78/04/577495cd64b7e8ecd63fa3bb8c07cba11772f092b2a54c602b41acdabcf6/ty-0.0.1a18-py3-none-win_amd64.whl", hash = "sha256:596562ac1b67a3c4da2a895b5601a61babe9953b6fc3e6c66a6f6e1a2c2c5d60", size = 8422373, upload-time = "2025-08-14T10:32:14.653Z" },
    { url = "https://files.pythonhosted.org/packages/88/28/e7a9ec9195f3cfd76b95f1d01e7edecfe3be750c6f0f9cd3658625bedf07/ty-0.0.1a18-py3-none-win_arm64.whl", hash = "sha256:a557af5cf678485c77914da298621de751e86964d8d3237ee2229f5fce27ab35", size = 7968662, upload-time = "2025-08-14T10:32:16.386Z" },
]

[[package]]
name = "types-beautifulsoup4"
version = "4.12.0.20250516"
source = { registry = "https://pypi.org/simple" }
dependencies = [
    { name = "types-html5lib" },
]
sdist = { url = "https://files.pythonhosted.org/packages/6d/d1/32b410f6d65eda94d3dfb0b3d0ca151f12cb1dc4cef731dcf7cbfd8716ff/types_beautifulsoup4-4.12.0.20250516.tar.gz", hash = "sha256:aa19dd73b33b70d6296adf92da8ab8a0c945c507e6fb7d5db553415cc77b417e", size = 16628, upload-time = "2025-05-16T03:09:09.93Z" }
wheels = [
    { url = "https://files.pythonhosted.org/packages/7c/79/d84de200a80085b32f12c5820d4fd0addcbe7ba6dce8c1c9d8605e833c8e/types_beautifulsoup4-4.12.0.20250516-py3-none-any.whl", hash = "sha256:5923399d4a1ba9cc8f0096fe334cc732e130269541d66261bb42ab039c0376ee", size = 16879, upload-time = "2025-05-16T03:09:09.051Z" },
]

[[package]]
name = "types-html5lib"
version = "1.1.11.20250708"
source = { registry = "https://pypi.org/simple" }
sdist = { url = "https://files.pythonhosted.org/packages/d4/3b/1f5ba4358cfc1421cced5cdb9d2b08b4b99e4f9a41da88ce079f6d1a7bf1/types_html5lib-1.1.11.20250708.tar.gz", hash = "sha256:24321720fdbac71cee50d5a4bec9b7448495b7217974cffe3fcf1ede4eef7afe", size = 16799, upload-time = "2025-07-08T03:13:53.14Z" }
wheels = [
    { url = "https://files.pythonhosted.org/packages/a8/50/5fc23cf647eee23acdd337c8150861d39980cf11f33dd87f78e87d2a4bad/types_html5lib-1.1.11.20250708-py3-none-any.whl", hash = "sha256:bb898066b155de7081cb182179e2ded31b9e0e234605e2cb46536894e68a6954", size = 22913, upload-time = "2025-07-08T03:13:52.098Z" },
]

[[package]]
name = "types-pyyaml"
version = "6.0.12.20250809"
source = { registry = "https://pypi.org/simple" }
sdist = { url = "https://files.pythonhosted.org/packages/36/21/52ffdbddea3c826bc2758d811ccd7f766912de009c5cf096bd5ebba44680/types_pyyaml-6.0.12.20250809.tar.gz", hash = "sha256:af4a1aca028f18e75297da2ee0da465f799627370d74073e96fee876524f61b5", size = 17385, upload-time = "2025-08-09T03:14:34.867Z" }
wheels = [
    { url = "https://files.pythonhosted.org/packages/35/3e/0346d09d6e338401ebf406f12eaf9d0b54b315b86f1ec29e34f1a0aedae9/types_pyyaml-6.0.12.20250809-py3-none-any.whl", hash = "sha256:032b6003b798e7de1a1ddfeefee32fac6486bdfe4845e0ae0e7fb3ee4512b52f", size = 20277, upload-time = "2025-08-09T03:14:34.055Z" },
]

[[package]]
name = "typing-extensions"
version = "4.14.1"
source = { registry = "https://pypi.org/simple" }
sdist = { url = "https://files.pythonhosted.org/packages/98/5a/da40306b885cc8c09109dc2e1abd358d5684b1425678151cdaed4731c822/typing_extensions-4.14.1.tar.gz", hash = "sha256:38b39f4aeeab64884ce9f74c94263ef78f3c22467c8724005483154c26648d36", size = 107673, upload-time = "2025-07-04T13:28:34.16Z" }
wheels = [
    { url = "https://files.pythonhosted.org/packages/b5/00/d631e67a838026495268c2f6884f3711a15a9a2a96cd244fdaea53b823fb/typing_extensions-4.14.1-py3-none-any.whl", hash = "sha256:d1e1e3b58374dc93031d6eda2420a48ea44a36c2b4766a4fdeb3710755731d76", size = 43906, upload-time = "2025-07-04T13:28:32.743Z" },
]
