version = 1
revision = 3
requires-python = ">=3.13"

[[package]]
name = "certifi"
version = "2025.7.9"
source = { registry = "https://pypi.org/simple" }
sdist = { url = "https://files.pythonhosted.org/packages/de/8a/c729b6b60c66a38f590c4e774decc4b2ec7b0576be8f1aa984a53ffa812a/certifi-2025.7.9.tar.gz", hash = "sha256:c1d2ec05395148ee10cf672ffc28cd37ea0ab0d99f9cc74c43e588cbd111b079", size = 160386, upload-time = "2025-07-09T02:13:58.874Z" }
wheels = [
    { url = "https://files.pythonhosted.org/packages/66/f3/80a3f974c8b535d394ff960a11ac20368e06b736da395b551a49ce950cce/certifi-2025.7.9-py3-none-any.whl", hash = "sha256:d842783a14f8fdd646895ac26f719a061408834473cfc10203f6a575beb15d39", size = 159230, upload-time = "2025-07-09T02:13:57.007Z" },
]

[[package]]
name = "charset-normalizer"
version = "3.4.2"
source = { registry = "https://pypi.org/simple" }
sdist = { url = "https://files.pythonhosted.org/packages/e4/33/89c2ced2b67d1c2a61c19c6751aa8902d46ce3dacb23600a283619f5a12d/charset_normalizer-3.4.2.tar.gz", hash = "sha256:5baececa9ecba31eff645232d59845c07aa030f0c81ee70184a90d35099a0e63", size = 126367, upload-time = "2025-05-02T08:34:42.01Z" }
wheels = [
    { url = "https://files.pythonhosted.org/packages/ea/12/a93df3366ed32db1d907d7593a94f1fe6293903e3e92967bebd6950ed12c/charset_normalizer-3.4.2-cp313-cp313-macosx_10_13_universal2.whl", hash = "sha256:926ca93accd5d36ccdabd803392ddc3e03e6d4cd1cf17deff3b989ab8e9dbcf0", size = 199622, upload-time = "2025-05-02T08:32:56.363Z" },
    { url = "https://files.pythonhosted.org/packages/04/93/bf204e6f344c39d9937d3c13c8cd5bbfc266472e51fc8c07cb7f64fcd2de/charset_normalizer-3.4.2-cp313-cp313-manylinux_2_17_aarch64.manylinux2014_aarch64.whl", hash = "sha256:eba9904b0f38a143592d9fc0e19e2df0fa2e41c3c3745554761c5f6447eedabf", size = 143435, upload-time = "2025-05-02T08:32:58.551Z" },
    { url = "https://files.pythonhosted.org/packages/22/2a/ea8a2095b0bafa6c5b5a55ffdc2f924455233ee7b91c69b7edfcc9e02284/charset_normalizer-3.4.2-cp313-cp313-manylinux_2_17_ppc64le.manylinux2014_ppc64le.whl", hash = "sha256:3fddb7e2c84ac87ac3a947cb4e66d143ca5863ef48e4a5ecb83bd48619e4634e", size = 153653, upload-time = "2025-05-02T08:33:00.342Z" },
    { url = "https://files.pythonhosted.org/packages/b6/57/1b090ff183d13cef485dfbe272e2fe57622a76694061353c59da52c9a659/charset_normalizer-3.4.2-cp313-cp313-manylinux_2_17_s390x.manylinux2014_s390x.whl", hash = "sha256:98f862da73774290f251b9df8d11161b6cf25b599a66baf087c1ffe340e9bfd1", size = 146231, upload-time = "2025-05-02T08:33:02.081Z" },
    { url = "https://files.pythonhosted.org/packages/e2/28/ffc026b26f441fc67bd21ab7f03b313ab3fe46714a14b516f931abe1a2d8/charset_normalizer-3.4.2-cp313-cp313-manylinux_2_17_x86_64.manylinux2014_x86_64.whl", hash = "sha256:6c9379d65defcab82d07b2a9dfbfc2e95bc8fe0ebb1b176a3190230a3ef0e07c", size = 148243, upload-time = "2025-05-02T08:33:04.063Z" },
    { url = "https://files.pythonhosted.org/packages/c0/0f/9abe9bd191629c33e69e47c6ef45ef99773320e9ad8e9cb08b8ab4a8d4cb/charset_normalizer-3.4.2-cp313-cp313-manylinux_2_5_i686.manylinux1_i686.manylinux_2_17_i686.manylinux2014_i686.whl", hash = "sha256:e635b87f01ebc977342e2697d05b56632f5f879a4f15955dfe8cef2448b51691", size = 150442, upload-time = "2025-05-02T08:33:06.418Z" },
    { url = "https://files.pythonhosted.org/packages/67/7c/a123bbcedca91d5916c056407f89a7f5e8fdfce12ba825d7d6b9954a1a3c/charset_normalizer-3.4.2-cp313-cp313-musllinux_1_2_aarch64.whl", hash = "sha256:1c95a1e2902a8b722868587c0e1184ad5c55631de5afc0eb96bc4b0d738092c0", size = 145147, upload-time = "2025-05-02T08:33:08.183Z" },
    { url = "https://files.pythonhosted.org/packages/ec/fe/1ac556fa4899d967b83e9893788e86b6af4d83e4726511eaaad035e36595/charset_normalizer-3.4.2-cp313-cp313-musllinux_1_2_i686.whl", hash = "sha256:ef8de666d6179b009dce7bcb2ad4c4a779f113f12caf8dc77f0162c29d20490b", size = 153057, upload-time = "2025-05-02T08:33:09.986Z" },
    { url = "https://files.pythonhosted.org/packages/2b/ff/acfc0b0a70b19e3e54febdd5301a98b72fa07635e56f24f60502e954c461/charset_normalizer-3.4.2-cp313-cp313-musllinux_1_2_ppc64le.whl", hash = "sha256:32fc0341d72e0f73f80acb0a2c94216bd704f4f0bce10aedea38f30502b271ff", size = 156454, upload-time = "2025-05-02T08:33:11.814Z" },
    { url = "https://files.pythonhosted.org/packages/92/08/95b458ce9c740d0645feb0e96cea1f5ec946ea9c580a94adfe0b617f3573/charset_normalizer-3.4.2-cp313-cp313-musllinux_1_2_s390x.whl", hash = "sha256:289200a18fa698949d2b39c671c2cc7a24d44096784e76614899a7ccf2574b7b", size = 154174, upload-time = "2025-05-02T08:33:13.707Z" },
    { url = "https://files.pythonhosted.org/packages/78/be/8392efc43487ac051eee6c36d5fbd63032d78f7728cb37aebcc98191f1ff/charset_normalizer-3.4.2-cp313-cp313-musllinux_1_2_x86_64.whl", hash = "sha256:4a476b06fbcf359ad25d34a057b7219281286ae2477cc5ff5e3f70a246971148", size = 149166, upload-time = "2025-05-02T08:33:15.458Z" },
    { url = "https://files.pythonhosted.org/packages/44/96/392abd49b094d30b91d9fbda6a69519e95802250b777841cf3bda8fe136c/charset_normalizer-3.4.2-cp313-cp313-win32.whl", hash = "sha256:aaeeb6a479c7667fbe1099af9617c83aaca22182d6cf8c53966491a0f1b7ffb7", size = 98064, upload-time = "2025-05-02T08:33:17.06Z" },
    { url = "https://files.pythonhosted.org/packages/e9/b0/0200da600134e001d91851ddc797809e2fe0ea72de90e09bec5a2fbdaccb/charset_normalizer-3.4.2-cp313-cp313-win_amd64.whl", hash = "sha256:aa6af9e7d59f9c12b33ae4e9450619cf2488e2bbe9b44030905877f0b2324980", size = 105641, upload-time = "2025-05-02T08:33:18.753Z" },
    { url = "https://files.pythonhosted.org/packages/20/94/c5790835a017658cbfabd07f3bfb549140c3ac458cfc196323996b10095a/charset_normalizer-3.4.2-py3-none-any.whl", hash = "sha256:7f56930ab0abd1c45cd15be65cc741c28b1c9a34876ce8c17a2fa107810c0af0", size = 52626, upload-time = "2025-05-02T08:34:40.053Z" },
]

[[package]]
name = "idna"
version = "3.10"
source = { registry = "https://pypi.org/simple" }
sdist = { url = "https://files.pythonhosted.org/packages/f1/70/7703c29685631f5a7590aa73f1f1d3fa9a380e654b86af429e0934a32f7d/idna-3.10.tar.gz", hash = "sha256:12f65c9b470abda6dc35cf8e63cc574b1c52b11df2c86030af0ac09b01b13ea9", size = 190490, upload-time = "2024-09-15T18:07:39.745Z" }
wheels = [
    { url = "https://files.pythonhosted.org/packages/76/c6/c88e154df9c4e1a2a66ccf0005a88dfb2650c1dffb6f5ce603dfbd452ce3/idna-3.10-py3-none-any.whl", hash = "sha256:946d195a0d259cbba61165e88e65941f16e9b36ea6ddb97f00452bae8b1287d3", size = 70442, upload-time = "2024-09-15T18:07:37.964Z" },
]

[[package]]
name = "qt-updater"
version = "1.0.0"
source = { virtual = "." }
dependencies = [
    { name = "requests" },
    { name = "ruamel-yaml" },
]

[package.optional-dependencies]
dev = [
    { name = "ruff" },
    { name = "ty" },
    { name = "types-requests" },
]

[package.metadata]
requires-dist = [
    { name = "requests", specifier = ">=2.32.4" },
    { name = "ruamel-yaml", specifier = ">=0.18.14" },
    { name = "ruff", marker = "extra == 'dev'", specifier = ">=0.12.3" },
    { name = "ty", marker = "extra == 'dev'", specifier = ">=0.0.1a14" },
    { name = "types-requests", marker = "extra == 'dev'", specifier = ">=2.32.4.20250611" },
]
provides-extras = ["dev"]

[[package]]
name = "requests"
version = "2.32.5"
source = { registry = "https://pypi.org/simple" }
dependencies = [
    { name = "certifi" },
    { name = "charset-normalizer" },
    { name = "idna" },
    { name = "urllib3" },
]
sdist = { url = "https://files.pythonhosted.org/packages/c9/74/b3ff8e6c8446842c3f5c837e9c3dfcfe2018ea6ecef224c710c85ef728f4/requests-2.32.5.tar.gz", hash = "sha256:dbba0bac56e100853db0ea71b82b4dfd5fe2bf6d3754a8893c3af500cec7d7cf", size = 134517, upload-time = "2025-08-18T20:46:02.573Z" }
wheels = [
    { url = "https://files.pythonhosted.org/packages/1e/db/4254e3eabe8020b458f1a747140d32277ec7a271daf1d235b70dc0b4e6e3/requests-2.32.5-py3-none-any.whl", hash = "sha256:2462f94637a34fd532264295e186976db0f5d453d1cdd31473c85a6a161affb6", size = 64738, upload-time = "2025-08-18T20:46:00.542Z" },
]

[[package]]
name = "ruamel-yaml"
version = "0.18.15"
source = { registry = "https://pypi.org/simple" }
dependencies = [
    { name = "ruamel-yaml-clib", marker = "python_full_version < '3.14' and platform_python_implementation == 'CPython'" },
]
sdist = { url = "https://files.pythonhosted.org/packages/3e/db/f3950f5e5031b618aae9f423a39bf81a55c148aecd15a34527898e752cf4/ruamel.yaml-0.18.15.tar.gz", hash = "sha256:dbfca74b018c4c3fba0b9cc9ee33e53c371194a9000e694995e620490fd40700", size = 146865, upload-time = "2025-08-19T11:15:10.694Z" }
wheels = [
    { url = "https://files.pythonhosted.org/packages/d1/e5/f2a0621f1781b76a38194acae72f01e37b1941470407345b6e8653ad7640/ruamel.yaml-0.18.15-py3-none-any.whl", hash = "sha256:148f6488d698b7a5eded5ea793a025308b25eca97208181b6a026037f391f701", size = 119702, upload-time = "2025-08-19T11:15:07.696Z" },
]

[[package]]
name = "ruamel-yaml-clib"
version = "0.2.12"
source = { registry = "https://pypi.org/simple" }
sdist = { url = "https://files.pythonhosted.org/packages/20/84/80203abff8ea4993a87d823a5f632e4d92831ef75d404c9fc78d0176d2b5/ruamel.yaml.clib-0.2.12.tar.gz", hash = "sha256:6c8fbb13ec503f99a91901ab46e0b07ae7941cd527393187039aec586fdfd36f", size = 225315, upload-time = "2024-10-20T10:10:56.22Z" }
wheels = [
    { url = "https://files.pythonhosted.org/packages/29/00/4864119668d71a5fa45678f380b5923ff410701565821925c69780356ffa/ruamel.yaml.clib-0.2.12-cp313-cp313-macosx_14_0_arm64.whl", hash = "sha256:4c8c5d82f50bb53986a5e02d1b3092b03622c02c2eb78e29bec33fd9593bae1a", size = 132011, upload-time = "2024-10-20T10:13:04.377Z" },
    { url = "https://files.pythonhosted.org/packages/7f/5e/212f473a93ae78c669ffa0cb051e3fee1139cb2d385d2ae1653d64281507/ruamel.yaml.clib-0.2.12-cp313-cp313-manylinux2014_aarch64.whl", hash = "sha256:e7e3736715fbf53e9be2a79eb4db68e4ed857017344d697e8b9749444ae57475", size = 642488, upload-time = "2024-10-20T10:13:05.906Z" },
    { url = "https://files.pythonhosted.org/packages/1f/8f/ecfbe2123ade605c49ef769788f79c38ddb1c8fa81e01f4dbf5cf1a44b16/ruamel.yaml.clib-0.2.12-cp313-cp313-manylinux_2_17_x86_64.manylinux2014_x86_64.whl", hash = "sha256:0b7e75b4965e1d4690e93021adfcecccbca7d61c7bddd8e22406ef2ff20d74ef", size = 745066, upload-time = "2024-10-20T10:13:07.26Z" },
    { url = "https://files.pythonhosted.org/packages/e2/a9/28f60726d29dfc01b8decdb385de4ced2ced9faeb37a847bd5cf26836815/ruamel.yaml.clib-0.2.12-cp313-cp313-manylinux_2_5_i686.manylinux1_i686.manylinux_2_17_i686.manylinux2014_i686.whl", hash = "sha256:96777d473c05ee3e5e3c3e999f5d23c6f4ec5b0c38c098b3a5229085f74236c6", size = 701785, upload-time = "2024-10-20T10:13:08.504Z" },
    { url = "https://files.pythonhosted.org/packages/84/7e/8e7ec45920daa7f76046578e4f677a3215fe8f18ee30a9cb7627a19d9b4c/ruamel.yaml.clib-0.2.12-cp313-cp313-musllinux_1_1_i686.whl", hash = "sha256:3bc2a80e6420ca8b7d3590791e2dfc709c88ab9152c00eeb511c9875ce5778bf", size = 693017, upload-time = "2024-10-21T11:26:48.866Z" },
    { url = "https://files.pythonhosted.org/packages/c5/b3/d650eaade4ca225f02a648321e1ab835b9d361c60d51150bac49063b83fa/ruamel.yaml.clib-0.2.12-cp313-cp313-musllinux_1_1_x86_64.whl", hash = "sha256:e188d2699864c11c36cdfdada94d781fd5d6b0071cd9c427bceb08ad3d7c70e1", size = 741270, upload-time = "2024-10-21T11:26:50.213Z" },
    { url = "https://files.pythonhosted.org/packages/87/b8/01c29b924dcbbed75cc45b30c30d565d763b9c4d540545a0eeecffb8f09c/ruamel.yaml.clib-0.2.12-cp313-cp313-musllinux_1_2_aarch64.whl", hash = "sha256:4f6f3eac23941b32afccc23081e1f50612bdbe4e982012ef4f5797986828cd01", size = 709059, upload-time = "2024-12-11T19:58:18.846Z" },
    { url = "https://files.pythonhosted.org/packages/30/8c/ed73f047a73638257aa9377ad356bea4d96125b305c34a28766f4445cc0f/ruamel.yaml.clib-0.2.12-cp313-cp313-win32.whl", hash = "sha256:6442cb36270b3afb1b4951f060eccca1ce49f3d087ca1ca4563a6eb479cb3de6", size = 98583, upload-time = "2024-10-20T10:13:09.658Z" },
    { url = "https://files.pythonhosted.org/packages/b0/85/e8e751d8791564dd333d5d9a4eab0a7a115f7e349595417fd50ecae3395c/ruamel.yaml.clib-0.2.12-cp313-cp313-win_amd64.whl", hash = "sha256:e5b8daf27af0b90da7bb903a876477a9e6d7270be6146906b276605997c7e9a3", size = 115190, upload-time = "2024-10-20T10:13:10.66Z" },
]

[[package]]
name = "ruff"
version = "0.13.3"
source = { registry = "https://pypi.org/simple" }
sdist = { url = "https://files.pythonhosted.org/packages/c7/8e/f9f9ca747fea8e3ac954e3690d4698c9737c23b51731d02df999c150b1c9/ruff-0.13.3.tar.gz", hash = "sha256:5b0ba0db740eefdfbcce4299f49e9eaefc643d4d007749d77d047c2bab19908e", size = 5438533, upload-time = "2025-10-02T19:29:31.582Z" }
wheels = [
    { url = "https://files.pythonhosted.org/packages/d2/33/8f7163553481466a92656d35dea9331095122bb84cf98210bef597dd2ecd/ruff-0.13.3-py3-none-linux_armv6l.whl", hash = "sha256:311860a4c5e19189c89d035638f500c1e191d283d0cc2f1600c8c80d6dcd430c", size = 12484040, upload-time = "2025-10-02T19:28:49.199Z" },
    { url = "https://files.pythonhosted.org/packages/b0/b5/4a21a4922e5dd6845e91896b0d9ef493574cbe061ef7d00a73c61db531af/ruff-0.13.3-py3-none-macosx_10_12_x86_64.whl", hash = "sha256:2bdad6512fb666b40fcadb65e33add2b040fc18a24997d2e47fee7d66f7fcae2", size = 13122975, upload-time = "2025-10-02T19:28:52.446Z" },
    { url = "https://files.pythonhosted.org/packages/40/90/15649af836d88c9f154e5be87e64ae7d2b1baa5a3ef317cb0c8fafcd882d/ruff-0.13.3-py3-none-macosx_11_0_arm64.whl", hash = "sha256:fc6fa4637284708d6ed4e5e970d52fc3b76a557d7b4e85a53013d9d201d93286", size = 12346621, upload-time = "2025-10-02T19:28:54.712Z" },
    { url = "https://files.pythonhosted.org/packages/a5/42/bcbccb8141305f9a6d3f72549dd82d1134299177cc7eaf832599700f95a7/ruff-0.13.3-py3-none-manylinux_2_17_aarch64.manylinux2014_aarch64.whl", hash = "sha256:1c9e6469864f94a98f412f20ea143d547e4c652f45e44f369d7b74ee78185838", size = 12574408, upload-time = "2025-10-02T19:28:56.679Z" },
    { url = "https://files.pythonhosted.org/packages/ce/19/0f3681c941cdcfa2d110ce4515624c07a964dc315d3100d889fcad3bfc9e/ruff-0.13.3-py3-none-manylinux_2_17_armv7l.manylinux2014_armv7l.whl", hash = "sha256:5bf62b705f319476c78891e0e97e965b21db468b3c999086de8ffb0d40fd2822", size = 12285330, upload-time = "2025-10-02T19:28:58.79Z" },
    { url = "https://files.pythonhosted.org/packages/10/f8/387976bf00d126b907bbd7725219257feea58650e6b055b29b224d8cb731/ruff-0.13.3-py3-none-manylinux_2_17_i686.manylinux2014_i686.whl", hash = "sha256:78cc1abed87ce40cb07ee0667ce99dbc766c9f519eabfd948ed87295d8737c60", size = 13980815, upload-time = "2025-10-02T19:29:01.577Z" },
    { url = "https://files.pythonhosted.org/packages/0c/a6/7c8ec09d62d5a406e2b17d159e4817b63c945a8b9188a771193b7e1cc0b5/ruff-0.13.3-py3-none-manylinux_2_17_ppc64.manylinux2014_ppc64.whl", hash = "sha256:4fb75e7c402d504f7a9a259e0442b96403fa4a7310ffe3588d11d7e170d2b1e3", size = 14987733, upload-time = "2025-10-02T19:29:04.036Z" },
    { url = "https://files.pythonhosted.org/packages/97/e5/f403a60a12258e0fd0c2195341cfa170726f254c788673495d86ab5a9a9d/ruff-0.13.3-py3-none-manylinux_2_17_ppc64le.manylinux2014_ppc64le.whl", hash = "sha256:17b951f9d9afb39330b2bdd2dd144ce1c1335881c277837ac1b50bfd99985ed3", size = 14439848, upload-time = "2025-10-02T19:29:06.684Z" },
    { url = "https://files.pythonhosted.org/packages/39/49/3de381343e89364c2334c9f3268b0349dc734fc18b2d99a302d0935c8345/ruff-0.13.3-py3-none-manylinux_2_17_s390x.manylinux2014_s390x.whl", hash = "sha256:6052f8088728898e0a449f0dde8fafc7ed47e4d878168b211977e3e7e854f662", size = 13421890, upload-time = "2025-10-02T19:29:08.767Z" },
    { url = "https://files.pythonhosted.org/packages/ab/b5/c0feca27d45ae74185a6bacc399f5d8920ab82df2d732a17213fb86a2c4c/ruff-0.13.3-py3-none-manylinux_2_17_x86_64.manylinux2014_x86_64.whl", hash = "sha256:dc742c50f4ba72ce2a3be362bd359aef7d0d302bf7637a6f942eaa763bd292af", size = 13444870, upload-time = "2025-10-02T19:29:11.234Z" },
    { url = "https://files.pythonhosted.org/packages/50/a1/b655298a1f3fda4fdc7340c3f671a4b260b009068fbeb3e4e151e9e3e1bf/ruff-0.13.3-py3-none-manylinux_2_31_riscv64.whl", hash = "sha256:8e5640349493b378431637019366bbd73c927e515c9c1babfea3e932f5e68e1d", size = 13691599, upload-time = "2025-10-02T19:29:13.353Z" },
    { url = "https://files.pythonhosted.org/packages/32/b0/a8705065b2dafae007bcae21354e6e2e832e03eb077bb6c8e523c2becb92/ruff-0.13.3-py3-none-musllinux_1_2_aarch64.whl", hash = "sha256:6b139f638a80eae7073c691a5dd8d581e0ba319540be97c343d60fb12949c8d0", size = 12421893, upload-time = "2025-10-02T19:29:15.668Z" },
    { url = "https://files.pythonhosted.org/packages/0d/1e/cbe7082588d025cddbb2f23e6dfef08b1a2ef6d6f8328584ad3015b5cebd/ruff-0.13.3-py3-none-musllinux_1_2_armv7l.whl", hash = "sha256:6b547def0a40054825de7cfa341039ebdfa51f3d4bfa6a0772940ed351d2746c", size = 12267220, upload-time = "2025-10-02T19:29:17.583Z" },
    { url = "https://files.pythonhosted.org/packages/a5/99/4086f9c43f85e0755996d09bdcb334b6fee9b1eabdf34e7d8b877fadf964/ruff-0.13.3-py3-none-musllinux_1_2_i686.whl", hash = "sha256:9cc48a3564423915c93573f1981d57d101e617839bef38504f85f3677b3a0a3e", size = 13177818, upload-time = "2025-10-02T19:29:19.943Z" },
    { url = "https://files.pythonhosted.org/packages/9b/de/7b5db7e39947d9dc1c5f9f17b838ad6e680527d45288eeb568e860467010/ruff-0.13.3-py3-none-musllinux_1_2_x86_64.whl", hash = "sha256:1a993b17ec03719c502881cb2d5f91771e8742f2ca6de740034433a97c561989", size = 13618715, upload-time = "2025-10-02T19:29:22.527Z" },
    { url = "https://files.pythonhosted.org/packages/28/d3/bb25ee567ce2f61ac52430cf99f446b0e6d49bdfa4188699ad005fdd16aa/ruff-0.13.3-py3-none-win32.whl", hash = "sha256:f14e0d1fe6460f07814d03c6e32e815bff411505178a1f539a38f6097d3e8ee3", size = 12334488, upload-time = "2025-10-02T19:29:24.782Z" },
    { url = "https://files.pythonhosted.org/packages/cf/49/12f5955818a1139eed288753479ba9d996f6ea0b101784bb1fe6977ec128/ruff-0.13.3-py3-none-win_amd64.whl", hash = "sha256:621e2e5812b691d4f244638d693e640f188bacbb9bc793ddd46837cea0503dd2", size = 13455262, upload-time = "2025-10-02T19:29:26.882Z" },
    { url = "https://files.pythonhosted.org/packages/fe/72/7b83242b26627a00e3af70d0394d68f8f02750d642567af12983031777fc/ruff-0.13.3-py3-none-win_arm64.whl", hash = "sha256:9e9e9d699841eaf4c2c798fa783df2fabc680b72059a02ca0ed81c460bc58330", size = 12538484, upload-time = "2025-10-02T19:29:28.951Z" },
]

[[package]]
name = "ty"
version = "0.0.1a21"
source = { registry = "https://pypi.org/simple" }
sdist = { url = "https://files.pythonhosted.org/packages/b7/0f/65606ccee2da5a05a3c3362f5233f058e9d29d3c5521697c7ae79545d246/ty-0.0.1a21.tar.gz", hash = "sha256:e941e9a9d1e54b03eeaf9c3197c26a19cf76009fd5e41e16e5657c1c827bd6d3", size = 4263980, upload-time = "2025-09-19T06:54:06.412Z" }
wheels = [
    { url = "https://files.pythonhosted.org/packages/d3/7a/c87a42d0a45cfa2d5c06c8d66aa1b243db16dc31b25e545fb0263308523b/ty-0.0.1a21-py3-none-linux_armv6l.whl", hash = "sha256:1f276ceab23a1410aec09508248c76ae0989c67fb7a0c287e0d4564994295531", size = 8421116, upload-time = "2025-09-19T06:53:35.029Z" },
    { url = "https://files.pythonhosted.org/packages/99/c2/721bf4fa21c84d4cdae0e57a06a88e7e64fc2dca38820232bd6cbeef644f/ty-0.0.1a21-py3-none-macosx_10_12_x86_64.whl", hash = "sha256:3c3bc66fcae41eff133cfe326dd65d82567a2fb5d4efe2128773b10ec2766819", size = 8512556, upload-time = "2025-09-19T06:53:37.455Z" },
    { url = "https://files.pythonhosted.org/packages/6c/58/b0585d9d61673e864a87e95760dfa2a90ac15702e7612ab064d354f6752a/ty-0.0.1a21-py3-none-macosx_11_0_arm64.whl", hash = "sha256:cc0880ec344fbdf736b05d8d0da01f0caaaa02409bd9a24b68d18d0127a79b0e", size = 8109188, upload-time = "2025-09-19T06:53:39.469Z" },
    { url = "https://files.pythonhosted.org/packages/ea/08/edf7b59ba24bb1a1af341207fc5a0106eb1fe4264c1d7fb672c171dd2daf/ty-0.0.1a21-py3-none-manylinux_2_17_aarch64.manylinux2014_aarch64.whl", hash = "sha256:334d2a212ebf42a0e55d57561926af7679fe1e878175e11dcb81ad8df892844e", size = 8279000, upload-time = "2025-09-19T06:53:41.309Z" },
    { url = "https://files.pythonhosted.org/packages/05/8e/4b5e562623e0aa24a3972510287b4bc5d98251afb353388d14008ea99954/ty-0.0.1a21-py3-none-manylinux_2_17_armv7l.manylinux2014_armv7l.whl", hash = "sha256:a8c769987d00fbc33054ff7e342633f475ea10dc43bc60fb9fb056159d48cb90", size = 8243261, upload-time = "2025-09-19T06:53:42.736Z" },
    { url = "https://files.pythonhosted.org/packages/c3/09/6476fa21f9962d5b9c8e8053fd0442ed8e3ceb7502e39700ab1935555199/ty-0.0.1a21-py3-none-manylinux_2_17_i686.manylinux2014_i686.whl", hash = "sha256:218d53e7919e885bd98e9196d9cb952d82178b299aa36da6f7f39333eb7400ed", size = 9150228, upload-time = "2025-09-19T06:53:44.242Z" },
    { url = "https://files.pythonhosted.org/packages/d2/96/49c158b6255fc1e22a5701c38f7d4c1b7f8be17a476ce9226fcae82a7b36/ty-0.0.1a21-py3-none-manylinux_2_17_ppc64.manylinux2014_ppc64.whl", hash = "sha256:84243455f295ed850bd53f7089819321807d4e6ee3b1cbff6086137ae0259466", size = 9628323, upload-time = "2025-09-19T06:53:45.998Z" },
    { url = "https://files.pythonhosted.org/packages/f4/65/37a8a5cb7b3254365c54b5e10f069e311c4252ed160b86fabd1203fbca5c/ty-0.0.1a21-py3-none-manylinux_2_17_ppc64le.manylinux2014_ppc64le.whl", hash = "sha256:87a200c21e02962e8a27374d9d152582331d57d709672431be58f4f898bf6cad", size = 9251233, upload-time = "2025-09-19T06:53:48.042Z" },
    { url = "https://files.pythonhosted.org/packages/a3/30/5b06120747da4a0f0bc54a4b051b42172603033dbee0bcf51bce7c21ada9/ty-0.0.1a21-py3-none-manylinux_2_17_s390x.manylinux2014_s390x.whl", hash = "sha256:be8f457d7841b7ead2a3f6b65ba668abc172a1150a0f1f6c0958af3725dbb61a", size = 8996186, upload-time = "2025-09-19T06:53:49.753Z" },
    { url = "https://files.pythonhosted.org/packages/af/fc/5aa122536b1acb57389f404f6328c20342242b78513a60459fee9b7d6f27/ty-0.0.1a21-py3-none-manylinux_2_17_x86_64.manylinux2014_x86_64.whl", hash = "sha256:1474d883129bb63da3b2380fc7ead824cd3baf6a9551e6aa476ffefc58057af3", size = 8722848, upload-time = "2025-09-19T06:53:51.566Z" },
    { url = "https://files.pythonhosted.org/packages/3a/c1/456dcc65a149df8410b1d75f0197a31d4beef74b7bb44cce42b03bf074e8/ty-0.0.1a21-py3-none-musllinux_1_2_aarch64.whl", hash = "sha256:0efba2e52b58f536f4198ba5c4a36cac2ba67d83ec6f429ebc7704233bcda4c3", size = 8220727, upload-time = "2025-09-19T06:53:53.753Z" },
    { url = "https://files.pythonhosted.org/packages/a4/86/b37505d942cd68235be5be407e43e15afa36669aaa2db9b6e5b43c1d9f91/ty-0.0.1a21-py3-none-musllinux_1_2_armv7l.whl", hash = "sha256:5dfc73299d441cc6454e36ed0a976877415024143dfca6592dc36f7701424383", size = 8279114, upload-time = "2025-09-19T06:53:55.343Z" },
    { url = "https://files.pythonhosted.org/packages/55/fe/0d9816f36d258e6b2a3d7518421be17c68954ea9a66b638de49588cc2e27/ty-0.0.1a21-py3-none-musllinux_1_2_i686.whl", hash = "sha256:ba13d03b9e095216ceb4e4d554a308517f28ab0a6e4dcd07cfe94563e4c2c489", size = 8701798, upload-time = "2025-09-19T06:53:57.17Z" },
    { url = "https://files.pythonhosted.org/packages/4e/7a/70539932e3e5a36c54bd5432ff44ed0c301c41a528365d8de5b8f79f4317/ty-0.0.1a21-py3-none-musllinux_1_2_x86_64.whl", hash = "sha256:9463cac96b8f1bb5ba740fe1d42cd6bd152b43c5b159b2f07f8fd629bcdded34", size = 8872676, upload-time = "2025-09-19T06:53:59.357Z" },
    { url = "https://files.pythonhosted.org/packages/ea/94/809d85f6982841fe28526ace3b282b0458d0a96bbc6b1a982d9269a5e481/ty-0.0.1a21-py3-none-win32.whl", hash = "sha256:ecf41706b803827b0de8717f32a434dad1e67be9f4b8caf403e12013179ea06a", size = 8003866, upload-time = "2025-09-19T06:54:01.393Z" },
    { url = "https://files.pythonhosted.org/packages/50/16/b3e914cec2a6344d2c30d3780ca6ecd39667173611f8776cecfd1294eab9/ty-0.0.1a21-py3-none-win_amd64.whl", hash = "sha256:7505aeb8bf2a62f00f12cfa496f6c965074d75c8126268776565284c8a12d5dd", size = 8675300, upload-time = "2025-09-19T06:54:02.893Z" },
    { url = "https://files.pythonhosted.org/packages/16/0b/293be6bc19f6da5e9b15e615a7100504f307dd4294d2c61cee3de91198e5/ty-0.0.1a21-py3-none-win_arm64.whl", hash = "sha256:21f708d02b6588323ffdbfdba38830dd0ecfd626db50aa6006b296b5470e52f9", size = 8193800, upload-time = "2025-09-19T06:54:04.583Z" },
]

[[package]]
name = "types-requests"
version = "2.32.4.20250913"
source = { registry = "https://pypi.org/simple" }
dependencies = [
    { name = "urllib3" },
]
sdist = { url = "https://files.pythonhosted.org/packages/36/27/489922f4505975b11de2b5ad07b4fe1dca0bca9be81a703f26c5f3acfce5/types_requests-2.32.4.20250913.tar.gz", hash = "sha256:abd6d4f9ce3a9383f269775a9835a4c24e5cd6b9f647d64f88aa4613c33def5d", size = 23113, upload-time = "2025-09-13T02:40:02.309Z" }
wheels = [
    { url = "https://files.pythonhosted.org/packages/2a/20/9a227ea57c1285986c4cf78400d0a91615d25b24e257fd9e2969606bdfae/types_requests-2.32.4.20250913-py3-none-any.whl", hash = "sha256:78c9c1fffebbe0fa487a418e0fa5252017e9c60d1a2da394077f1780f655d7e1", size = 20658, upload-time = "2025-09-13T02:40:01.115Z" },
]

[[package]]
name = "urllib3"
version = "2.5.0"
source = { registry = "https://pypi.org/simple" }
sdist = { url = "https://files.pythonhosted.org/packages/15/22/9ee70a2574a4f4599c47dd506532914ce044817c7752a79b6a51286319bc/urllib3-2.5.0.tar.gz", hash = "sha256:3fc47733c7e419d4bc3f6b3dc2b4f890bb743906a30d56ba4a5bfa4bbff92760", size = 393185, upload-time = "2025-06-18T14:07:41.644Z" }
wheels = [
    { url = "https://files.pythonhosted.org/packages/a7/c2/fe1e52489ae3122415c51f387e221dd0773709bad6c6cdaa599e8a2c5185/urllib3-2.5.0-py3-none-any.whl", hash = "sha256:e6b01673c0fa6a13e374b50871808eb3bf7046c4b125b216f6bf1cc604cff0dc", size = 129795, upload-time = "2025-06-18T14:07:40.39Z" },
]
