version = 1
revision = 3
requires-python = ">=3.13"

[[package]]
name = "certifi"
version = "2025.7.9"
source = { registry = "https://pypi.org/simple" }
sdist = { url = "https://files.pythonhosted.org/packages/de/8a/c729b6b60c66a38f590c4e774decc4b2ec7b0576be8f1aa984a53ffa812a/certifi-2025.7.9.tar.gz", hash = "sha256:c1d2ec05395148ee10cf672ffc28cd37ea0ab0d99f9cc74c43e588cbd111b079", size = 160386, upload-time = "2025-07-09T02:13:58.874Z" }
wheels = [
    { url = "https://files.pythonhosted.org/packages/66/f3/80a3f974c8b535d394ff960a11ac20368e06b736da395b551a49ce950cce/certifi-2025.7.9-py3-none-any.whl", hash = "sha256:d842783a14f8fdd646895ac26f719a061408834473cfc10203f6a575beb15d39", size = 159230, upload-time = "2025-07-09T02:13:57.007Z" },
]

[[package]]
name = "charset-normalizer"
version = "3.4.2"
source = { registry = "https://pypi.org/simple" }
sdist = { url = "https://files.pythonhosted.org/packages/e4/33/89c2ced2b67d1c2a61c19c6751aa8902d46ce3dacb23600a283619f5a12d/charset_normalizer-3.4.2.tar.gz", hash = "sha256:5baececa9ecba31eff645232d59845c07aa030f0c81ee70184a90d35099a0e63", size = 126367, upload-time = "2025-05-02T08:34:42.01Z" }
wheels = [
    { url = "https://files.pythonhosted.org/packages/ea/12/a93df3366ed32db1d907d7593a94f1fe6293903e3e92967bebd6950ed12c/charset_normalizer-3.4.2-cp313-cp313-macosx_10_13_universal2.whl", hash = "sha256:926ca93accd5d36ccdabd803392ddc3e03e6d4cd1cf17deff3b989ab8e9dbcf0", size = 199622, upload-time = "2025-05-02T08:32:56.363Z" },
    { url = "https://files.pythonhosted.org/packages/04/93/bf204e6f344c39d9937d3c13c8cd5bbfc266472e51fc8c07cb7f64fcd2de/charset_normalizer-3.4.2-cp313-cp313-manylinux_2_17_aarch64.manylinux2014_aarch64.whl", hash = "sha256:eba9904b0f38a143592d9fc0e19e2df0fa2e41c3c3745554761c5f6447eedabf", size = 143435, upload-time = "2025-05-02T08:32:58.551Z" },
    { url = "https://files.pythonhosted.org/packages/22/2a/ea8a2095b0bafa6c5b5a55ffdc2f924455233ee7b91c69b7edfcc9e02284/charset_normalizer-3.4.2-cp313-cp313-manylinux_2_17_ppc64le.manylinux2014_ppc64le.whl", hash = "sha256:3fddb7e2c84ac87ac3a947cb4e66d143ca5863ef48e4a5ecb83bd48619e4634e", size = 153653, upload-time = "2025-05-02T08:33:00.342Z" },
    { url = "https://files.pythonhosted.org/packages/b6/57/1b090ff183d13cef485dfbe272e2fe57622a76694061353c59da52c9a659/charset_normalizer-3.4.2-cp313-cp313-manylinux_2_17_s390x.manylinux2014_s390x.whl", hash = "sha256:98f862da73774290f251b9df8d11161b6cf25b599a66baf087c1ffe340e9bfd1", size = 146231, upload-time = "2025-05-02T08:33:02.081Z" },
    { url = "https://files.pythonhosted.org/packages/e2/28/ffc026b26f441fc67bd21ab7f03b313ab3fe46714a14b516f931abe1a2d8/charset_normalizer-3.4.2-cp313-cp313-manylinux_2_17_x86_64.manylinux2014_x86_64.whl", hash = "sha256:6c9379d65defcab82d07b2a9dfbfc2e95bc8fe0ebb1b176a3190230a3ef0e07c", size = 148243, upload-time = "2025-05-02T08:33:04.063Z" },
    { url = "https://files.pythonhosted.org/packages/c0/0f/9abe9bd191629c33e69e47c6ef45ef99773320e9ad8e9cb08b8ab4a8d4cb/charset_normalizer-3.4.2-cp313-cp313-manylinux_2_5_i686.manylinux1_i686.manylinux_2_17_i686.manylinux2014_i686.whl", hash = "sha256:e635b87f01ebc977342e2697d05b56632f5f879a4f15955dfe8cef2448b51691", size = 150442, upload-time = "2025-05-02T08:33:06.418Z" },
    { url = "https://files.pythonhosted.org/packages/67/7c/a123bbcedca91d5916c056407f89a7f5e8fdfce12ba825d7d6b9954a1a3c/charset_normalizer-3.4.2-cp313-cp313-musllinux_1_2_aarch64.whl", hash = "sha256:1c95a1e2902a8b722868587c0e1184ad5c55631de5afc0eb96bc4b0d738092c0", size = 145147, upload-time = "2025-05-02T08:33:08.183Z" },
    { url = "https://files.pythonhosted.org/packages/ec/fe/1ac556fa4899d967b83e9893788e86b6af4d83e4726511eaaad035e36595/charset_normalizer-3.4.2-cp313-cp313-musllinux_1_2_i686.whl", hash = "sha256:ef8de666d6179b009dce7bcb2ad4c4a779f113f12caf8dc77f0162c29d20490b", size = 153057, upload-time = "2025-05-02T08:33:09.986Z" },
    { url = "https://files.pythonhosted.org/packages/2b/ff/acfc0b0a70b19e3e54febdd5301a98b72fa07635e56f24f60502e954c461/charset_normalizer-3.4.2-cp313-cp313-musllinux_1_2_ppc64le.whl", hash = "sha256:32fc0341d72e0f73f80acb0a2c94216bd704f4f0bce10aedea38f30502b271ff", size = 156454, upload-time = "2025-05-02T08:33:11.814Z" },
    { url = "https://files.pythonhosted.org/packages/92/08/95b458ce9c740d0645feb0e96cea1f5ec946ea9c580a94adfe0b617f3573/charset_normalizer-3.4.2-cp313-cp313-musllinux_1_2_s390x.whl", hash = "sha256:289200a18fa698949d2b39c671c2cc7a24d44096784e76614899a7ccf2574b7b", size = 154174, upload-time = "2025-05-02T08:33:13.707Z" },
    { url = "https://files.pythonhosted.org/packages/78/be/8392efc43487ac051eee6c36d5fbd63032d78f7728cb37aebcc98191f1ff/charset_normalizer-3.4.2-cp313-cp313-musllinux_1_2_x86_64.whl", hash = "sha256:4a476b06fbcf359ad25d34a057b7219281286ae2477cc5ff5e3f70a246971148", size = 149166, upload-time = "2025-05-02T08:33:15.458Z" },
    { url = "https://files.pythonhosted.org/packages/44/96/392abd49b094d30b91d9fbda6a69519e95802250b777841cf3bda8fe136c/charset_normalizer-3.4.2-cp313-cp313-win32.whl", hash = "sha256:aaeeb6a479c7667fbe1099af9617c83aaca22182d6cf8c53966491a0f1b7ffb7", size = 98064, upload-time = "2025-05-02T08:33:17.06Z" },
    { url = "https://files.pythonhosted.org/packages/e9/b0/0200da600134e001d91851ddc797809e2fe0ea72de90e09bec5a2fbdaccb/charset_normalizer-3.4.2-cp313-cp313-win_amd64.whl", hash = "sha256:aa6af9e7d59f9c12b33ae4e9450619cf2488e2bbe9b44030905877f0b2324980", size = 105641, upload-time = "2025-05-02T08:33:18.753Z" },
    { url = "https://files.pythonhosted.org/packages/20/94/c5790835a017658cbfabd07f3bfb549140c3ac458cfc196323996b10095a/charset_normalizer-3.4.2-py3-none-any.whl", hash = "sha256:7f56930ab0abd1c45cd15be65cc741c28b1c9a34876ce8c17a2fa107810c0af0", size = 52626, upload-time = "2025-05-02T08:34:40.053Z" },
]

[[package]]
name = "idna"
version = "3.10"
source = { registry = "https://pypi.org/simple" }
sdist = { url = "https://files.pythonhosted.org/packages/f1/70/7703c29685631f5a7590aa73f1f1d3fa9a380e654b86af429e0934a32f7d/idna-3.10.tar.gz", hash = "sha256:12f65c9b470abda6dc35cf8e63cc574b1c52b11df2c86030af0ac09b01b13ea9", size = 190490, upload-time = "2024-09-15T18:07:39.745Z" }
wheels = [
    { url = "https://files.pythonhosted.org/packages/76/c6/c88e154df9c4e1a2a66ccf0005a88dfb2650c1dffb6f5ce603dfbd452ce3/idna-3.10-py3-none-any.whl", hash = "sha256:946d195a0d259cbba61165e88e65941f16e9b36ea6ddb97f00452bae8b1287d3", size = 70442, upload-time = "2024-09-15T18:07:37.964Z" },
]

[[package]]
name = "qt-updater"
version = "1.0.0"
source = { virtual = "." }
dependencies = [
    { name = "requests" },
    { name = "ruamel-yaml" },
]

[package.optional-dependencies]
dev = [
    { name = "ruff" },
    { name = "ty" },
    { name = "types-requests" },
]

[package.metadata]
requires-dist = [
    { name = "requests", specifier = ">=2.32.4" },
    { name = "ruamel-yaml", specifier = ">=0.18.14" },
    { name = "ruff", marker = "extra == 'dev'", specifier = ">=0.12.3" },
    { name = "ty", marker = "extra == 'dev'", specifier = ">=0.0.1a14" },
    { name = "types-requests", marker = "extra == 'dev'", specifier = ">=2.32.4.20250611" },
]
provides-extras = ["dev"]

[[package]]
name = "requests"
version = "2.32.5"
source = { registry = "https://pypi.org/simple" }
dependencies = [
    { name = "certifi" },
    { name = "charset-normalizer" },
    { name = "idna" },
    { name = "urllib3" },
]
sdist = { url = "https://files.pythonhosted.org/packages/c9/74/b3ff8e6c8446842c3f5c837e9c3dfcfe2018ea6ecef224c710c85ef728f4/requests-2.32.5.tar.gz", hash = "sha256:dbba0bac56e100853db0ea71b82b4dfd5fe2bf6d3754a8893c3af500cec7d7cf", size = 134517, upload-time = "2025-08-18T20:46:02.573Z" }
wheels = [
    { url = "https://files.pythonhosted.org/packages/1e/db/4254e3eabe8020b458f1a747140d32277ec7a271daf1d235b70dc0b4e6e3/requests-2.32.5-py3-none-any.whl", hash = "sha256:2462f94637a34fd532264295e186976db0f5d453d1cdd31473c85a6a161affb6", size = 64738, upload-time = "2025-08-18T20:46:00.542Z" },
]

[[package]]
name = "ruamel-yaml"
version = "0.18.16"
source = { registry = "https://pypi.org/simple" }
dependencies = [
    { name = "ruamel-yaml-clib", marker = "python_full_version < '3.14' and platform_python_implementation == 'CPython'" },
]
sdist = { url = "https://files.pythonhosted.org/packages/9f/c7/ee630b29e04a672ecfc9b63227c87fd7a37eb67c1bf30fe95376437f897c/ruamel.yaml-0.18.16.tar.gz", hash = "sha256:a6e587512f3c998b2225d68aa1f35111c29fad14aed561a26e73fab729ec5e5a", size = 147269, upload-time = "2025-10-22T17:54:02.346Z" }
wheels = [
    { url = "https://files.pythonhosted.org/packages/0f/73/bb1bc2529f852e7bf64a2dec885e89ff9f5cc7bbf6c9340eed30ff2c69c5/ruamel.yaml-0.18.16-py3-none-any.whl", hash = "sha256:048f26d64245bae57a4f9ef6feb5b552a386830ef7a826f235ffb804c59efbba", size = 119858, upload-time = "2025-10-22T17:53:59.012Z" },
]

[[package]]
name = "ruamel-yaml-clib"
version = "0.2.12"
source = { registry = "https://pypi.org/simple" }
sdist = { url = "https://files.pythonhosted.org/packages/20/84/80203abff8ea4993a87d823a5f632e4d92831ef75d404c9fc78d0176d2b5/ruamel.yaml.clib-0.2.12.tar.gz", hash = "sha256:6c8fbb13ec503f99a91901ab46e0b07ae7941cd527393187039aec586fdfd36f", size = 225315, upload-time = "2024-10-20T10:10:56.22Z" }
wheels = [
    { url = "https://files.pythonhosted.org/packages/29/00/4864119668d71a5fa45678f380b5923ff410701565821925c69780356ffa/ruamel.yaml.clib-0.2.12-cp313-cp313-macosx_14_0_arm64.whl", hash = "sha256:4c8c5d82f50bb53986a5e02d1b3092b03622c02c2eb78e29bec33fd9593bae1a", size = 132011, upload-time = "2024-10-20T10:13:04.377Z" },
    { url = "https://files.pythonhosted.org/packages/7f/5e/212f473a93ae78c669ffa0cb051e3fee1139cb2d385d2ae1653d64281507/ruamel.yaml.clib-0.2.12-cp313-cp313-manylinux2014_aarch64.whl", hash = "sha256:e7e3736715fbf53e9be2a79eb4db68e4ed857017344d697e8b9749444ae57475", size = 642488, upload-time = "2024-10-20T10:13:05.906Z" },
    { url = "https://files.pythonhosted.org/packages/1f/8f/ecfbe2123ade605c49ef769788f79c38ddb1c8fa81e01f4dbf5cf1a44b16/ruamel.yaml.clib-0.2.12-cp313-cp313-manylinux_2_17_x86_64.manylinux2014_x86_64.whl", hash = "sha256:0b7e75b4965e1d4690e93021adfcecccbca7d61c7bddd8e22406ef2ff20d74ef", size = 745066, upload-time = "2024-10-20T10:13:07.26Z" },
    { url = "https://files.pythonhosted.org/packages/e2/a9/28f60726d29dfc01b8decdb385de4ced2ced9faeb37a847bd5cf26836815/ruamel.yaml.clib-0.2.12-cp313-cp313-manylinux_2_5_i686.manylinux1_i686.manylinux_2_17_i686.manylinux2014_i686.whl", hash = "sha256:96777d473c05ee3e5e3c3e999f5d23c6f4ec5b0c38c098b3a5229085f74236c6", size = 701785, upload-time = "2024-10-20T10:13:08.504Z" },
    { url = "https://files.pythonhosted.org/packages/84/7e/8e7ec45920daa7f76046578e4f677a3215fe8f18ee30a9cb7627a19d9b4c/ruamel.yaml.clib-0.2.12-cp313-cp313-musllinux_1_1_i686.whl", hash = "sha256:3bc2a80e6420ca8b7d3590791e2dfc709c88ab9152c00eeb511c9875ce5778bf", size = 693017, upload-time = "2024-10-21T11:26:48.866Z" },
    { url = "https://files.pythonhosted.org/packages/c5/b3/d650eaade4ca225f02a648321e1ab835b9d361c60d51150bac49063b83fa/ruamel.yaml.clib-0.2.12-cp313-cp313-musllinux_1_1_x86_64.whl", hash = "sha256:e188d2699864c11c36cdfdada94d781fd5d6b0071cd9c427bceb08ad3d7c70e1", size = 741270, upload-time = "2024-10-21T11:26:50.213Z" },
    { url = "https://files.pythonhosted.org/packages/87/b8/01c29b924dcbbed75cc45b30c30d565d763b9c4d540545a0eeecffb8f09c/ruamel.yaml.clib-0.2.12-cp313-cp313-musllinux_1_2_aarch64.whl", hash = "sha256:4f6f3eac23941b32afccc23081e1f50612bdbe4e982012ef4f5797986828cd01", size = 709059, upload-time = "2024-12-11T19:58:18.846Z" },
    { url = "https://files.pythonhosted.org/packages/30/8c/ed73f047a73638257aa9377ad356bea4d96125b305c34a28766f4445cc0f/ruamel.yaml.clib-0.2.12-cp313-cp313-win32.whl", hash = "sha256:6442cb36270b3afb1b4951f060eccca1ce49f3d087ca1ca4563a6eb479cb3de6", size = 98583, upload-time = "2024-10-20T10:13:09.658Z" },
    { url = "https://files.pythonhosted.org/packages/b0/85/e8e751d8791564dd333d5d9a4eab0a7a115f7e349595417fd50ecae3395c/ruamel.yaml.clib-0.2.12-cp313-cp313-win_amd64.whl", hash = "sha256:e5b8daf27af0b90da7bb903a876477a9e6d7270be6146906b276605997c7e9a3", size = 115190, upload-time = "2024-10-20T10:13:10.66Z" },
]

[[package]]
name = "ruff"
version = "0.14.8"
source = { registry = "https://pypi.org/simple" }
sdist = { url = "https://files.pythonhosted.org/packages/ed/d9/f7a0c4b3a2bf2556cd5d99b05372c29980249ef71e8e32669ba77428c82c/ruff-0.14.8.tar.gz", hash = "sha256:774ed0dd87d6ce925e3b8496feb3a00ac564bea52b9feb551ecd17e0a23d1eed", size = 5765385, upload-time = "2025-12-04T15:06:17.669Z" }
wheels = [
    { url = "https://files.pythonhosted.org/packages/48/b8/9537b52010134b1d2b72870cc3f92d5fb759394094741b09ceccae183fbe/ruff-0.14.8-py3-none-linux_armv6l.whl", hash = "sha256:ec071e9c82eca417f6111fd39f7043acb53cd3fde9b1f95bbed745962e345afb", size = 13441540, upload-time = "2025-12-04T15:06:14.896Z" },
    { url = "https://files.pythonhosted.org/packages/24/00/99031684efb025829713682012b6dd37279b1f695ed1b01725f85fd94b38/ruff-0.14.8-py3-none-macosx_10_12_x86_64.whl", hash = "sha256:8cdb162a7159f4ca36ce980a18c43d8f036966e7f73f866ac8f493b75e0c27e9", size = 13669384, upload-time = "2025-12-04T15:06:51.809Z" },
    { url = "https://files.pythonhosted.org/packages/72/64/3eb5949169fc19c50c04f28ece2c189d3b6edd57e5b533649dae6ca484fe/ruff-0.14.8-py3-none-macosx_11_0_arm64.whl", hash = "sha256:2e2fcbefe91f9fad0916850edf0854530c15bd1926b6b779de47e9ab619ea38f", size = 12806917, upload-time = "2025-12-04T15:06:08.925Z" },
    { url = "https://files.pythonhosted.org/packages/c4/08/5250babb0b1b11910f470370ec0cbc67470231f7cdc033cee57d4976f941/ruff-0.14.8-py3-none-manylinux_2_17_aarch64.manylinux2014_aarch64.whl", hash = "sha256:a9d70721066a296f45786ec31916dc287b44040f553da21564de0ab4d45a869b", size = 13256112, upload-time = "2025-12-04T15:06:23.498Z" },
    { url = "https://files.pythonhosted.org/packages/78/4c/6c588e97a8e8c2d4b522c31a579e1df2b4d003eddfbe23d1f262b1a431ff/ruff-0.14.8-py3-none-manylinux_2_17_armv7l.manylinux2014_armv7l.whl", hash = "sha256:2c87e09b3cd9d126fc67a9ecd3b5b1d3ded2b9c7fce3f16e315346b9d05cfb52", size = 13227559, upload-time = "2025-12-04T15:06:33.432Z" },
    { url = "https://files.pythonhosted.org/packages/23/ce/5f78cea13eda8eceac71b5f6fa6e9223df9b87bb2c1891c166d1f0dce9f1/ruff-0.14.8-py3-none-manylinux_2_17_i686.manylinux2014_i686.whl", hash = "sha256:1d62cb310c4fbcb9ee4ac023fe17f984ae1e12b8a4a02e3d21489f9a2a5f730c", size = 13896379, upload-time = "2025-12-04T15:06:02.687Z" },
    { url = "https://files.pythonhosted.org/packages/cf/79/13de4517c4dadce9218a20035b21212a4c180e009507731f0d3b3f5df85a/ruff-0.14.8-py3-none-manylinux_2_17_ppc64.manylinux2014_ppc64.whl", hash = "sha256:1af35c2d62633d4da0521178e8a2641c636d2a7153da0bac1b30cfd4ccd91344", size = 15372786, upload-time = "2025-12-04T15:06:29.828Z" },
    { url = "https://files.pythonhosted.org/packages/00/06/33df72b3bb42be8a1c3815fd4fae83fa2945fc725a25d87ba3e42d1cc108/ruff-0.14.8-py3-none-manylinux_2_17_ppc64le.manylinux2014_ppc64le.whl", hash = "sha256:25add4575ffecc53d60eed3f24b1e934493631b48ebbc6ebaf9d8517924aca4b", size = 14990029, upload-time = "2025-12-04T15:06:36.812Z" },
    { url = "https://files.pythonhosted.org/packages/64/61/0f34927bd90925880394de0e081ce1afab66d7b3525336f5771dcf0cb46c/ruff-0.14.8-py3-none-manylinux_2_17_s390x.manylinux2014_s390x.whl", hash = "sha256:4c943d847b7f02f7db4201a0600ea7d244d8a404fbb639b439e987edcf2baf9a", size = 14407037, upload-time = "2025-12-04T15:06:39.979Z" },
    { url = "https://files.pythonhosted.org/packages/96/bc/058fe0aefc0fbf0d19614cb6d1a3e2c048f7dc77ca64957f33b12cfdc5ef/ruff-0.14.8-py3-none-manylinux_2_17_x86_64.manylinux2014_x86_64.whl", hash = "sha256:cb6e8bf7b4f627548daa1b69283dac5a296bfe9ce856703b03130732e20ddfe2", size = 14102390, upload-time = "2025-12-04T15:06:46.372Z" },
    { url = "https://files.pythonhosted.org/packages/af/a4/e4f77b02b804546f4c17e8b37a524c27012dd6ff05855d2243b49a7d3cb9/ruff-0.14.8-py3-none-manylinux_2_31_riscv64.whl", hash = "sha256:7aaf2974f378e6b01d1e257c6948207aec6a9b5ba53fab23d0182efb887a0e4a", size = 14230793, upload-time = "2025-12-04T15:06:20.497Z" },
    { url = "https://files.pythonhosted.org/packages/3f/52/bb8c02373f79552e8d087cedaffad76b8892033d2876c2498a2582f09dcf/ruff-0.14.8-py3-none-musllinux_1_2_aarch64.whl", hash = "sha256:e5758ca513c43ad8a4ef13f0f081f80f08008f410790f3611a21a92421ab045b", size = 13160039, upload-time = "2025-12-04T15:06:49.06Z" },
    { url = "https://files.pythonhosted.org/packages/1f/ad/b69d6962e477842e25c0b11622548df746290cc6d76f9e0f4ed7456c2c31/ruff-0.14.8-py3-none-musllinux_1_2_armv7l.whl", hash = "sha256:f74f7ba163b6e85a8d81a590363bf71618847e5078d90827749bfda1d88c9cdf", size = 13205158, upload-time = "2025-12-04T15:06:54.574Z" },
    { url = "https://files.pythonhosted.org/packages/06/63/54f23da1315c0b3dfc1bc03fbc34e10378918a20c0b0f086418734e57e74/ruff-0.14.8-py3-none-musllinux_1_2_i686.whl", hash = "sha256:eed28f6fafcc9591994c42254f5a5c5ca40e69a30721d2ab18bb0bb3baac3ab6", size = 13469550, upload-time = "2025-12-04T15:05:59.209Z" },
    { url = "https://files.pythonhosted.org/packages/70/7d/a4d7b1961e4903bc37fffb7ddcfaa7beb250f67d97cfd1ee1d5cddb1ec90/ruff-0.14.8-py3-none-musllinux_1_2_x86_64.whl", hash = "sha256:21d48fa744c9d1cb8d71eb0a740c4dd02751a5de9db9a730a8ef75ca34cf138e", size = 14211332, upload-time = "2025-12-04T15:06:06.027Z" },
    { url = "https://files.pythonhosted.org/packages/5d/93/2a5063341fa17054e5c86582136e9895db773e3c2ffb770dde50a09f35f0/ruff-0.14.8-py3-none-win32.whl", hash = "sha256:15f04cb45c051159baebb0f0037f404f1dc2f15a927418f29730f411a79bc4e7", size = 13151890, upload-time = "2025-12-04T15:06:11.668Z" },
    { url = "https://files.pythonhosted.org/packages/02/1c/65c61a0859c0add13a3e1cbb6024b42de587456a43006ca2d4fd3d1618fe/ruff-0.14.8-py3-none-win_amd64.whl", hash = "sha256:9eeb0b24242b5bbff3011409a739929f497f3fb5fe3b5698aba5e77e8c833097", size = 14537826, upload-time = "2025-12-04T15:06:26.409Z" },
    { url = "https://files.pythonhosted.org/packages/6d/63/8b41cea3afd7f58eb64ac9251668ee0073789a3bc9ac6f816c8c6fef986d/ruff-0.14.8-py3-none-win_arm64.whl", hash = "sha256:965a582c93c63fe715fd3e3f8aa37c4b776777203d8e1d8aa3cc0c14424a4b99", size = 13634522, upload-time = "2025-12-04T15:06:43.212Z" },
]

[[package]]
name = "ty"
version = "0.0.1a31"
source = { registry = "https://pypi.org/simple" }
sdist = { url = "https://files.pythonhosted.org/packages/30/78/daa1e70377b8127e06db63063b7dd9694cb2bb611b4e3c2182b9ec5a02a1/ty-0.0.1a31.tar.gz", hash = "sha256:b878b04af63b1e716436897838ca6a107a672539155b6fc2051268cd85da9cd6", size = 4656004, upload-time = "2025-12-04T09:01:47.147Z" }
wheels = [
    { url = "https://files.pythonhosted.org/packages/08/4c/1e91d6b22dee1435db1cdf55e54ec601497dba650684517b1cd5b4345e80/ty-0.0.1a31-py3-none-linux_armv6l.whl", hash = "sha256:662b9a3a3497da12416789e21fda9eb4e1ac66c5233867d89953916099ee44f5", size = 9620261, upload-time = "2025-12-04T09:01:35.001Z" },
    { url = "https://files.pythonhosted.org/packages/94/8f/eb6ac56cc03a00d3258c3362c4fb5a58152d03e9fa207db0465e2dc717e2/ty-0.0.1a31-py3-none-macosx_10_12_x86_64.whl", hash = "sha256:da05f73df587ff1362d487681370db47541123c005a0d1a60a5a048039e309cc", size = 9411370, upload-time = "2025-12-04T09:01:23.903Z" },
    { url = "https://files.pythonhosted.org/packages/d6/72/2cdbef5bd7ee7a58e71e67e845ae3f99dca695d0bca7561a3294fb8d723e/ty-0.0.1a31-py3-none-macosx_11_0_arm64.whl", hash = "sha256:74032bf207ce1eddc042f26aa9b6e0713373cf2c502174a53a41f9c469f02adb", size = 8925400, upload-time = "2025-12-04T09:01:59.074Z" },
    { url = "https://files.pythonhosted.org/packages/f4/4d/a10c3f2e8969e9e1efe3179d2c961236413c9765c9f95e84e8f515fb9b02/ty-0.0.1a31-py3-none-manylinux_2_17_aarch64.manylinux2014_aarch64.whl", hash = "sha256:cd383fd54872df15816a7853a8c824400c85f850916bad2052564bad8462f4f2", size = 9201615, upload-time = "2025-12-04T09:01:21.085Z" },
    { url = "https://files.pythonhosted.org/packages/47/e5/bd26f0fc432459718b72a0bb41bd222fd1fad81c1d5f645a7eba94e14be6/ty-0.0.1a31-py3-none-manylinux_2_17_armv7l.manylinux2014_armv7l.whl", hash = "sha256:c6defaf175bce7c91cea9a168a1c30bb523269ed174941cd31f8edc2d77f8ec7", size = 9401110, upload-time = "2025-12-04T09:01:32.241Z" },
    { url = "https://files.pythonhosted.org/packages/ca/63/cbb3419f74ce38c0a2affbc269d4d27ec032cfbc3b011a8db5815c89f540/ty-0.0.1a31-py3-none-manylinux_2_17_i686.manylinux2014_i686.whl", hash = "sha256:2d41f7e68f05517177ef82d89bfe0bf8e787a6b72ad396c1e44a16ef353b95e2", size = 9779837, upload-time = "2025-12-04T09:01:37.55Z" },
    { url = "https://files.pythonhosted.org/packages/69/fb/1d99243a0e005fe8d53671d4a25d5ddcf345a12fb3c683726bd597e42f23/ty-0.0.1a31-py3-none-manylinux_2_17_ppc64.manylinux2014_ppc64.whl", hash = "sha256:22f2298a0de1a8af24f50e498023770b05ea4fc0ccebb2c53deb40ff73dc76fc", size = 10444412, upload-time = "2025-12-04T09:01:56.888Z" },
    { url = "https://files.pythonhosted.org/packages/65/7f/95242feb774356b7a93beb5278cd8c8bbb6a8b12d94977ff954929ed257e/ty-0.0.1a31-py3-none-manylinux_2_17_ppc64le.manylinux2014_ppc64le.whl", hash = "sha256:38669b9aa53bd87160a2ee8447a3bf8d91dd14b7462f8aa98f1d2740b609589a", size = 10171070, upload-time = "2025-12-04T09:01:44.917Z" },
    { url = "https://files.pythonhosted.org/packages/78/fa/4d8adeb9ff7fd32efcb9ebb05d5f61cd9ad4b4030390c76cd771fb38ac33/ty-0.0.1a31-py3-none-manylinux_2_17_s390x.manylinux2014_s390x.whl", hash = "sha256:5fbc75e8e848929155b7ba0e9a222b2561222a1135bb492a9c5b9ad945c80b18", size = 10188190, upload-time = "2025-12-04T09:01:42.577Z" },
    { url = "https://files.pythonhosted.org/packages/f6/40/295903716cc2e4fdb88d8cf8b974f0936e6c021f35d5a7f78b769c746bcc/ty-0.0.1a31-py3-none-manylinux_2_17_x86_64.manylinux2014_x86_64.whl", hash = "sha256:915c0639dfb73f5f19cd69bbe89036ef18b8066ba88ce38d3e3cc0f39b32f99a", size = 9713419, upload-time = "2025-12-04T09:01:26.633Z" },
    { url = "https://files.pythonhosted.org/packages/f0/93/b622782ce78f0cbacf167c617b41f45e76de02e3d5d5898fc78ad7a47de7/ty-0.0.1a31-py3-none-musllinux_1_2_aarch64.whl", hash = "sha256:28d23f4e58e9b08fc8966ad8dac754b4cd5ccafed711e2a32a62f3d2cb6f44cb", size = 9170660, upload-time = "2025-12-04T09:02:01.556Z" },
    { url = "https://files.pythonhosted.org/packages/d9/5d/2a04dfd412c87d1da220260a5cf8444d36fa356d1f993ee1db5ad820df93/ty-0.0.1a31-py3-none-musllinux_1_2_armv7l.whl", hash = "sha256:cb2ebbc8065f4dd09e4b82f492becc55cad39068e842f82bfa1c9f7b9864b034", size = 9443773, upload-time = "2025-12-04T09:01:39.958Z" },
    { url = "https://files.pythonhosted.org/packages/1f/5e/18c0123b8dcd6a7e7f4a35d3eed127c6c0140377f5986df6bd01c9df5eb1/ty-0.0.1a31-py3-none-musllinux_1_2_i686.whl", hash = "sha256:966984a8a0e4f99d133e9b73bc778d4861b58467bdb85950805d67ff90e73e3e", size = 9532255, upload-time = "2025-12-04T09:01:29.243Z" },
    { url = "https://files.pythonhosted.org/packages/8a/c0/2570e4f891f33c3f9160f052d3759e9c7a3dee29bac5b93ad1f29ed42526/ty-0.0.1a31-py3-none-musllinux_1_2_x86_64.whl", hash = "sha256:bc4fe23fddaa78c0b11637a1eff152b95988960e5d240d282b41f827d13b28f0", size = 9837753, upload-time = "2025-12-04T09:02:04.361Z" },
    { url = "https://files.pythonhosted.org/packages/58/ad/6a231c11b95d3aa3f54824edfb7ab13ae13eea405bbcc6c80090551bd1b2/ty-0.0.1a31-py3-none-win32.whl", hash = "sha256:f82f4e051c40033ca9f10cffafc346fd86ea6541e786c2b1fcffa08c661efbaa", size = 9011568, upload-time = "2025-12-04T09:01:54.033Z" },
    { url = "https://files.pythonhosted.org/packages/f7/8b/c07438de84e3e9cbecedd2e8895dc25ca1b110847dd95b5e9f50124eb8d5/ty-0.0.1a31-py3-none-win_amd64.whl", hash = "sha256:12fae6138c4cbd143fe4b5c616056535353a2d0821062d8750132d3ea022fa8f", size = 9880831, upload-time = "2025-12-04T09:01:18.284Z" },
    { url = "https://files.pythonhosted.org/packages/a3/9c/ad589282e76e185eb54c3ce212182f7a28547ed20a5a08b51f9684dc2849/ty-0.0.1a31-py3-none-win_arm64.whl", hash = "sha256:4cc339de4dd4b8dd7167cfd1f826a25e303b3dec27da74596a0ce3ed83bcd293", size = 9380327, upload-time = "2025-12-04T09:01:49.651Z" },
]

[[package]]
name = "types-requests"
version = "2.32.4.20250913"
source = { registry = "https://pypi.org/simple" }
dependencies = [
    { name = "urllib3" },
]
sdist = { url = "https://files.pythonhosted.org/packages/36/27/489922f4505975b11de2b5ad07b4fe1dca0bca9be81a703f26c5f3acfce5/types_requests-2.32.4.20250913.tar.gz", hash = "sha256:abd6d4f9ce3a9383f269775a9835a4c24e5cd6b9f647d64f88aa4613c33def5d", size = 23113, upload-time = "2025-09-13T02:40:02.309Z" }
wheels = [
    { url = "https://files.pythonhosted.org/packages/2a/20/9a227ea57c1285986c4cf78400d0a91615d25b24e257fd9e2969606bdfae/types_requests-2.32.4.20250913-py3-none-any.whl", hash = "sha256:78c9c1fffebbe0fa487a418e0fa5252017e9c60d1a2da394077f1780f655d7e1", size = 20658, upload-time = "2025-09-13T02:40:01.115Z" },
]

[[package]]
name = "urllib3"
version = "2.5.0"
source = { registry = "https://pypi.org/simple" }
sdist = { url = "https://files.pythonhosted.org/packages/15/22/9ee70a2574a4f4599c47dd506532914ce044817c7752a79b6a51286319bc/urllib3-2.5.0.tar.gz", hash = "sha256:3fc47733c7e419d4bc3f6b3dc2b4f890bb743906a30d56ba4a5bfa4bbff92760", size = 393185, upload-time = "2025-06-18T14:07:41.644Z" }
wheels = [
    { url = "https://files.pythonhosted.org/packages/a7/c2/fe1e52489ae3122415c51f387e221dd0773709bad6c6cdaa599e8a2c5185/urllib3-2.5.0-py3-none-any.whl", hash = "sha256:e6b01673c0fa6a13e374b50871808eb3bf7046c4b125b216f6bf1cc604cff0dc", size = 129795, upload-time = "2025-06-18T14:07:40.39Z" },
]
